<?xml version="1.0" encoding="utf-8"?>
<Project ToolsVersion="4.0">
  <ItemGroup>
    <Filter Include="Core">
      <UniqueIdentifier>{b364b40b-287e-49b6-a07d-eaa9afec4707}</UniqueIdentifier>
    </Filter>
    <Filter Include="Core\Archive">
      <UniqueIdentifier>{b2f5ec9d-e1ff-48b2-ae05-1426676f9116}</UniqueIdentifier>
    </Filter>
    <Filter Include="Core\Container">
      <UniqueIdentifier>{ddbc554c-a851-4dcc-8bd5-de5c1e860e2d}</UniqueIdentifier>
    </Filter>
    <Filter Include="Core\Delegates">
      <UniqueIdentifier>{8c41c8b3-abdd-444c-a87d-6186a8d47d5e}</UniqueIdentifier>
    </Filter>
    <Filter Include="Core\GenericPlatform">
      <UniqueIdentifier>{e21acc2f-0b0f-4617-87a8-7a06f85b1e20}</UniqueIdentifier>
    </Filter>
    <Filter Include="Core\Import">
      <UniqueIdentifier>{8b02f4cf-0183-4779-ad3b-9800ceb05f41}</UniqueIdentifier>
    </Filter>
    <Filter Include="Core\Logger">
      <UniqueIdentifier>{3c17a91a-4e28-4b9c-987c-d75f29660a99}</UniqueIdentifier>
    </Filter>
    <Filter Include="Core\Misc">
      <UniqueIdentifier>{93652681-2e6f-4282-aff7-0604dbd0d27e}</UniqueIdentifier>
    </Filter>
    <Filter Include="Core\Templates">
      <UniqueIdentifier>{9a52b4c6-eb98-4b4d-8aac-b52d72ffd34d}</UniqueIdentifier>
    </Filter>
    <Filter Include="Core\Windows">
      <UniqueIdentifier>{f3ffa622-2853-4d61-8103-3fed7de550cd}</UniqueIdentifier>
    </Filter>
    <Filter Include="CoreObject">
      <UniqueIdentifier>{20ed2e13-fa0f-4c33-943e-a5e83bd55b9f}</UniqueIdentifier>
    </Filter>
    <Filter Include="CoreObject\Object">
      <UniqueIdentifier>{cccd5541-d70e-460a-add4-bb9fd3d838ec}</UniqueIdentifier>
    </Filter>
    <Filter Include="CoreObject\Reflection">
      <UniqueIdentifier>{a511a06a-d8ec-4f28-83d4-240e69834594}</UniqueIdentifier>
    </Filter>
    <Filter Include="Extern">
      <UniqueIdentifier>{2cb3c58c-c99c-4c56-a4ed-f9b999e22440}</UniqueIdentifier>
    </Filter>
    <Filter Include="Extern\Jsoncpp">
      <UniqueIdentifier>{7b4beb68-35a9-4651-98d9-ce15bf495ed5}</UniqueIdentifier>
    </Filter>
    <Filter Include="Extern\Jsoncpp\include">
      <UniqueIdentifier>{405607b5-f8e3-4ddd-a5e3-197ccd13f59a}</UniqueIdentifier>
    </Filter>
    <Filter Include="Extern\Jsoncpp\include\json">
      <UniqueIdentifier>{ecee4f06-5333-4328-9e7f-542c5e9573a7}</UniqueIdentifier>
    </Filter>
    <Filter Include="Intermediate">
      <UniqueIdentifier>{d8268325-4689-41bf-bef6-47d6e003da04}</UniqueIdentifier>
    </Filter>
    <Filter Include="Runtime">
      <UniqueIdentifier>{4ce0895b-2ac1-47c6-96c6-a23c524d3935}</UniqueIdentifier>
    </Filter>
    <Filter Include="Runtime\Engine">
      <UniqueIdentifier>{ebc477a2-89ba-43e7-8ebd-c170424fa7b3}</UniqueIdentifier>
    </Filter>
    <Filter Include="Runtime\Launch">
      <UniqueIdentifier>{20d0d241-1180-4cc9-9ab4-4c1c7366e2b9}</UniqueIdentifier>
    </Filter>
    <Filter Include="Runtime\Render">
      <UniqueIdentifier>{2298ebf5-7417-4795-a652-c9ccb1fa7aba}</UniqueIdentifier>
    </Filter>
    <Filter Include="Runtime\Render\Shader">
      <UniqueIdentifier>{96304e19-a120-4e18-9053-297d2ab1d88d}</UniqueIdentifier>
    </Filter>
    <Filter Include="ThirdParty">
      <UniqueIdentifier>{a96ff4d1-e652-498a-9276-d0e0280256bb}</UniqueIdentifier>
    </Filter>
    <Filter Include="ThirdParty\FBX">
      <UniqueIdentifier>{bda0213f-ae0d-4931-96b3-4f4c0d9ef1f9}</UniqueIdentifier>
    </Filter>
    <Filter Include="ThirdParty\FBX\2020.2">
      <UniqueIdentifier>{aa68f40d-c1c1-40ec-8163-9e92e1f808f5}</UniqueIdentifier>
    </Filter>
    <Filter Include="ThirdParty\FBX\2020.2\include">
      <UniqueIdentifier>{ec8f8637-df09-4901-b645-5dfcd97fddfe}</UniqueIdentifier>
    </Filter>
    <Filter Include="ThirdParty\FBX\2020.2\include\fbxsdk">
      <UniqueIdentifier>{02f7ffdd-01e0-4136-b27b-6ec1a7105db9}</UniqueIdentifier>
    </Filter>
    <Filter Include="ThirdParty\FBX\2020.2\include\fbxsdk\core">
      <UniqueIdentifier>{b29bb3e4-58e8-4a68-a134-a9dfbabb13d0}</UniqueIdentifier>
    </Filter>
    <Filter Include="ThirdParty\FBX\2020.2\include\fbxsdk\core\arch">
      <UniqueIdentifier>{3be60baf-952e-49f3-b255-58a00db9a2ef}</UniqueIdentifier>
    </Filter>
    <Filter Include="ThirdParty\FBX\2020.2\include\fbxsdk\core\base">
      <UniqueIdentifier>{ae536c8f-037e-4f1b-8784-8f5414fadbff}</UniqueIdentifier>
    </Filter>
    <Filter Include="ThirdParty\FBX\2020.2\include\fbxsdk\core\math">
      <UniqueIdentifier>{782aa144-d7d4-4eaf-bda2-c24f16b969b3}</UniqueIdentifier>
    </Filter>
    <Filter Include="ThirdParty\FBX\2020.2\include\fbxsdk\core\sync">
      <UniqueIdentifier>{f900e68e-dc55-4abd-9467-b2836b0037e6}</UniqueIdentifier>
    </Filter>
    <Filter Include="ThirdParty\FBX\2020.2\include\fbxsdk\fileio">
      <UniqueIdentifier>{bf5819bd-8bef-4234-b873-96e3a2262dfe}</UniqueIdentifier>
    </Filter>
    <Filter Include="ThirdParty\FBX\2020.2\include\fbxsdk\fileio\collada">
      <UniqueIdentifier>{46487ec3-e0dd-47a6-b2a2-7f26d1d1fd77}</UniqueIdentifier>
    </Filter>
    <Filter Include="ThirdParty\FBX\2020.2\include\fbxsdk\fileio\fbx">
      <UniqueIdentifier>{9b26dced-c768-4af1-97c3-8adbc8b5c19e}</UniqueIdentifier>
    </Filter>
    <Filter Include="ThirdParty\FBX\2020.2\include\fbxsdk\scene">
      <UniqueIdentifier>{bd7705b4-d819-4639-aa61-6e613aac31a0}</UniqueIdentifier>
    </Filter>
    <Filter Include="ThirdParty\FBX\2020.2\include\fbxsdk\scene\animation">
      <UniqueIdentifier>{fe52d25b-c9c5-424f-9ac1-1d4075082488}</UniqueIdentifier>
    </Filter>
    <Filter Include="ThirdParty\FBX\2020.2\include\fbxsdk\scene\constraint">
      <UniqueIdentifier>{e78bd4f2-26f0-4b3d-b3e3-53d95e04deac}</UniqueIdentifier>
    </Filter>
    <Filter Include="ThirdParty\FBX\2020.2\include\fbxsdk\scene\geometry">
      <UniqueIdentifier>{b1a25861-0a5f-48e1-8df2-786e111ad81a}</UniqueIdentifier>
    </Filter>
    <Filter Include="ThirdParty\FBX\2020.2\include\fbxsdk\scene\shading">
      <UniqueIdentifier>{4271563b-389f-476d-b3d8-41857f18e0f8}</UniqueIdentifier>
    </Filter>
    <Filter Include="ThirdParty\FBX\2020.2\include\fbxsdk\utils">
      <UniqueIdentifier>{060017ec-0ed8-4600-b0e6-882f4f99cb2c}</UniqueIdentifier>
    </Filter>
    <Filter Include="ThirdParty\FBX\2020.2\lib">
      <UniqueIdentifier>{109f61c0-1453-439f-be8c-822b3a37dbee}</UniqueIdentifier>
    </Filter>
    <Filter Include="ThirdParty\FBX\2020.2\lib\clang">
      <UniqueIdentifier>{ef4f9ea9-27d8-4c43-9975-aeb8abe365ca}</UniqueIdentifier>
    </Filter>
    <Filter Include="ThirdParty\FBX\2020.2\lib\clang\debug">
      <UniqueIdentifier>{b01de6b9-ad12-431c-82fd-137cb2345d69}</UniqueIdentifier>
    </Filter>
    <Filter Include="ThirdParty\FBX\2020.2\lib\clang\release">
      <UniqueIdentifier>{5aa5ad51-3a5f-46da-be87-f2e028439a87}</UniqueIdentifier>
    </Filter>
    <Filter Include="ThirdParty\FBX\2020.2\lib\gcc">
      <UniqueIdentifier>{91d677d4-eaba-485b-ac60-a76c1644af18}</UniqueIdentifier>
    </Filter>
    <Filter Include="ThirdParty\FBX\2020.2\lib\gcc\x86_64-unknown-linux-gnu">
      <UniqueIdentifier>{57bb7f34-c497-4c0c-a4f9-f5328ba14707}</UniqueIdentifier>
    </Filter>
    <Filter Include="ThirdParty\FBX\2020.2\lib\gcc\x86_64-unknown-linux-gnu\debug">
      <UniqueIdentifier>{692dde06-dfa8-45cf-872c-6392e073579d}</UniqueIdentifier>
    </Filter>
    <Filter Include="ThirdParty\FBX\2020.2\lib\gcc\x86_64-unknown-linux-gnu\release">
      <UniqueIdentifier>{5ce02965-5981-4726-b004-db04fda8b87f}</UniqueIdentifier>
    </Filter>
    <Filter Include="ThirdParty\FBX\2020.2\lib\vs2017">
      <UniqueIdentifier>{c870cd2c-69fe-4840-90ab-dface09ea5bb}</UniqueIdentifier>
    </Filter>
  </ItemGroup>
  <ItemGroup>
    <ClInclude Include="HopStep.h" />
    <ClInclude Include="Core\CoreExport.h">
      <Filter>Core</Filter>
    </ClInclude>
    <ClInclude Include="Core\CoreGlobals.h">
      <Filter>Core</Filter>
    </ClInclude>
    <ClInclude Include="Core\CoreStandardIncludes.h">
      <Filter>Core</Filter>
    </ClInclude>
    <ClInclude Include="Core\HopStepDefine.h">
      <Filter>Core</Filter>
    </ClInclude>
    <ClInclude Include="Core\HopStepOverrides.h">
      <Filter>Core</Filter>
    </ClInclude>
    <ClInclude Include="Core\PrimitiveTypeDefines.h">
      <Filter>Core</Filter>
    </ClInclude>
    <ClInclude Include="Core\Archive\Archive.h">
      <Filter>Core\Archive</Filter>
    </ClInclude>
    <ClInclude Include="Core\Container\VariadicStack.h">
      <Filter>Core\Container</Filter>
    </ClInclude>
    <ClInclude Include="Core\Delegates\DelegateBase.h">
      <Filter>Core\Delegates</Filter>
    </ClInclude>
    <ClInclude Include="Core\Delegates\DelegateConcepts.h">
      <Filter>Core\Delegates</Filter>
    </ClInclude>
    <ClInclude Include="Core\Delegates\DelegateHandle.h">
      <Filter>Core\Delegates</Filter>
    </ClInclude>
    <ClInclude Include="Core\Delegates\DelegateInstances.h">
      <Filter>Core\Delegates</Filter>
    </ClInclude>
    <ClInclude Include="Core\Delegates\DelegateSigniture.h">
      <Filter>Core\Delegates</Filter>
    </ClInclude>
    <ClInclude Include="Core\Delegates\DelegateUtils.h">
      <Filter>Core\Delegates</Filter>
    </ClInclude>
    <ClInclude Include="Core\Delegates\IDelegateInstance.h">
      <Filter>Core\Delegates</Filter>
    </ClInclude>
    <ClInclude Include="Core\GenericPlatform\GenericApplication.h">
      <Filter>Core\GenericPlatform</Filter>
    </ClInclude>
    <ClInclude Include="Core\GenericPlatform\GenericApplicationMessageHandler.h">
      <Filter>Core\GenericPlatform</Filter>
    </ClInclude>
    <ClInclude Include="Core\GenericPlatform\GenericMessageHandler.h">
      <Filter>Core\GenericPlatform</Filter>
    </ClInclude>
    <ClInclude Include="Core\GenericPlatform\GenericPlatformTime.h">
      <Filter>Core\GenericPlatform</Filter>
    </ClInclude>
    <ClInclude Include="Core\GenericPlatform\GenericWindow.h">
      <Filter>Core\GenericPlatform</Filter>
    </ClInclude>
    <ClInclude Include="Core\Import\FbxImporter.h">
      <Filter>Core\Import</Filter>
    </ClInclude>
    <ClInclude Include="Core\Logger\ConsoleLogger.h">
      <Filter>Core\Logger</Filter>
    </ClInclude>
    <ClInclude Include="Core\Logger\LoggerBase.h">
      <Filter>Core\Logger</Filter>
    </ClInclude>
    <ClInclude Include="Core\Misc\App.h">
      <Filter>Core\Misc</Filter>
    </ClInclude>
    <ClInclude Include="Core\Misc\CommandExecutable.h">
      <Filter>Core\Misc</Filter>
    </ClInclude>
    <ClInclude Include="Core\Misc\CommandLine.h">
      <Filter>Core\Misc</Filter>
    </ClInclude>
    <ClInclude Include="Core\Misc\DebugUtils.h">
      <Filter>Core\Misc</Filter>
    </ClInclude>
    <ClInclude Include="Core\Misc\EngineConfig.h">
      <Filter>Core\Misc</Filter>
    </ClInclude>
    <ClInclude Include="Core\Misc\GenericMemory.h">
      <Filter>Core\Misc</Filter>
    </ClInclude>
    <ClInclude Include="Core\Misc\Json.h">
      <Filter>Core\Misc</Filter>
    </ClInclude>
    <ClInclude Include="Core\Misc\LazySingleton.h">
      <Filter>Core\Misc</Filter>
    </ClInclude>
    <ClInclude Include="Core\Misc\OutputDevice.h">
      <Filter>Core\Misc</Filter>
    </ClInclude>
    <ClInclude Include="Core\Misc\Paths.h">
      <Filter>Core\Misc</Filter>
    </ClInclude>
    <ClInclude Include="Core\Templates\DerivedFrom.h">
      <Filter>Core\Templates</Filter>
    </ClInclude>
    <ClInclude Include="Core\Templates\HopStepTemplates.h">
      <Filter>Core\Templates</Filter>
    </ClInclude>
    <ClInclude Include="Core\Templates\RemoveConst.h">
      <Filter>Core\Templates</Filter>
    </ClInclude>
    <ClInclude Include="Core\Templates\RemoveReference.h">
      <Filter>Core\Templates</Filter>
    </ClInclude>
    <ClInclude Include="Core\Windows\WindowsApplication.h">
      <Filter>Core\Windows</Filter>
    </ClInclude>
    <ClInclude Include="Core\Windows\WindowsApplicationMessageHandler.h">
      <Filter>Core\Windows</Filter>
    </ClInclude>
    <ClInclude Include="Core\Windows\WindowsPlatformMisc.h">
      <Filter>Core\Windows</Filter>
    </ClInclude>
    <ClInclude Include="Core\Windows\WindowsPlatformTime.h">
      <Filter>Core\Windows</Filter>
    </ClInclude>
    <ClInclude Include="Core\Windows\WindowsSystemIncludes.h">
      <Filter>Core\Windows</Filter>
    </ClInclude>
    <ClInclude Include="Core\Windows\WindowsWindow.h">
      <Filter>Core\Windows</Filter>
    </ClInclude>
    <ClInclude Include="CoreObject\CoreObjectExport.h">
      <Filter>CoreObject</Filter>
    </ClInclude>
    <ClInclude Include="CoreObject\Object\GarbageCollector.h">
      <Filter>CoreObject\Object</Filter>
    </ClInclude>
    <ClInclude Include="CoreObject\Object\GCInterface.h">
      <Filter>CoreObject\Object</Filter>
    </ClInclude>
    <ClInclude Include="CoreObject\Object\NameHelper.h">
      <Filter>CoreObject\Object</Filter>
    </ClInclude>
    <ClInclude Include="CoreObject\Object\NamePool.h">
      <Filter>CoreObject\Object</Filter>
    </ClInclude>
    <ClInclude Include="CoreObject\Object\NameTypes.h">
      <Filter>CoreObject\Object</Filter>
    </ClInclude>
    <ClInclude Include="CoreObject\Object\Object.h">
      <Filter>CoreObject\Object</Filter>
    </ClInclude>
    <ClInclude Include="CoreObject\Object\ObjectBase.h">
      <Filter>CoreObject\Object</Filter>
    </ClInclude>
    <ClInclude Include="CoreObject\Object\ObjectFunctions.h">
      <Filter>CoreObject\Object</Filter>
    </ClInclude>
    <ClInclude Include="CoreObject\Object\ObjectGlobals.h">
      <Filter>CoreObject\Object</Filter>
    </ClInclude>
    <ClInclude Include="CoreObject\Object\ObjectMacro.h">
      <Filter>CoreObject\Object</Filter>
    </ClInclude>
    <ClInclude Include="CoreObject\Object\ObjectPtr.h">
      <Filter>CoreObject\Object</Filter>
    </ClInclude>
    <ClInclude Include="CoreObject\Object\WeakObjectPtr.h">
      <Filter>CoreObject\Object</Filter>
    </ClInclude>
    <ClInclude Include="CoreObject\Object\WeakObjectPtrImplement.h">
      <Filter>CoreObject\Object</Filter>
    </ClInclude>
    <ClInclude Include="CoreObject\Reflection\Class.h">
      <Filter>CoreObject\Reflection</Filter>
    </ClInclude>
    <ClInclude Include="CoreObject\Reflection\Enum.h">
      <Filter>CoreObject\Reflection</Filter>
    </ClInclude>
    <ClInclude Include="CoreObject\Reflection\Field.h">
      <Filter>CoreObject\Reflection</Filter>
    </ClInclude>
    <ClInclude Include="CoreObject\Reflection\FieldClass.h">
      <Filter>CoreObject\Reflection</Filter>
    </ClInclude>
    <ClInclude Include="CoreObject\Reflection\Function.h">
      <Filter>CoreObject\Reflection</Filter>
    </ClInclude>
    <ClInclude Include="CoreObject\Reflection\PrimitiveProperty.h">
      <Filter>CoreObject\Reflection</Filter>
    </ClInclude>
    <ClInclude Include="CoreObject\Reflection\Property.h">
      <Filter>CoreObject\Reflection</Filter>
    </ClInclude>
    <ClInclude Include="CoreObject\Reflection\ReflectionConcepts.h">
      <Filter>CoreObject\Reflection</Filter>
    </ClInclude>
    <ClInclude Include="CoreObject\Reflection\ReflectionMacro.h">
      <Filter>CoreObject\Reflection</Filter>
    </ClInclude>
    <ClInclude Include="CoreObject\Reflection\ReflectionTest.h">
      <Filter>CoreObject\Reflection</Filter>
    </ClInclude>
    <ClInclude Include="CoreObject\Reflection\ScriptMacros.h">
      <Filter>CoreObject\Reflection</Filter>
    </ClInclude>
    <ClInclude Include="CoreObject\Reflection\Struct.h">
      <Filter>CoreObject\Reflection</Filter>
    </ClInclude>
    <ClInclude Include="CoreObject\Reflection\StructBuilder.h">
      <Filter>CoreObject\Reflection</Filter>
    </ClInclude>
    <ClInclude Include="CoreObject\Reflection\Type.h">
      <Filter>CoreObject\Reflection</Filter>
    </ClInclude>
    <ClInclude Include="CoreObject\Reflection\TypeLibrary.h">
      <Filter>CoreObject\Reflection</Filter>
    </ClInclude>
    <ClInclude Include="Extern\Jsoncpp\include\json\allocator.h">
      <Filter>Extern\Jsoncpp\include\json</Filter>
    </ClInclude>
    <ClInclude Include="Extern\Jsoncpp\include\json\assertions.h">
      <Filter>Extern\Jsoncpp\include\json</Filter>
    </ClInclude>
    <ClInclude Include="Extern\Jsoncpp\include\json\autolink.h">
      <Filter>Extern\Jsoncpp\include\json</Filter>
    </ClInclude>
    <ClInclude Include="Extern\Jsoncpp\include\json\config.h">
      <Filter>Extern\Jsoncpp\include\json</Filter>
    </ClInclude>
    <ClInclude Include="Extern\Jsoncpp\include\json\features.h">
      <Filter>Extern\Jsoncpp\include\json</Filter>
    </ClInclude>
    <ClInclude Include="Extern\Jsoncpp\include\json\forwards.h">
      <Filter>Extern\Jsoncpp\include\json</Filter>
    </ClInclude>
    <ClInclude Include="Extern\Jsoncpp\include\json\json.h">
      <Filter>Extern\Jsoncpp\include\json</Filter>
    </ClInclude>
    <ClInclude Include="Extern\Jsoncpp\include\json\reader.h">
      <Filter>Extern\Jsoncpp\include\json</Filter>
    </ClInclude>
    <ClInclude Include="Extern\Jsoncpp\include\json\value.h">
      <Filter>Extern\Jsoncpp\include\json</Filter>
    </ClInclude>
    <ClInclude Include="Extern\Jsoncpp\include\json\version.h">
      <Filter>Extern\Jsoncpp\include\json</Filter>
    </ClInclude>
    <ClInclude Include="Extern\Jsoncpp\include\json\writer.h">
      <Filter>Extern\Jsoncpp\include\json</Filter>
    </ClInclude>
    <ClInclude Include="Intermediate\Object.generated.h">
      <Filter>Intermediate</Filter>
    </ClInclude>
    <ClInclude Include="Intermediate\ObjectBase.generated.h">
      <Filter>Intermediate</Filter>
    </ClInclude>
    <ClInclude Include="Intermediate\ReflectionTest.generated.h">
      <Filter>Intermediate</Filter>
    </ClInclude>
    <ClInclude Include="Intermediate\World.generated.h">
      <Filter>Intermediate</Filter>
    </ClInclude>
    <ClInclude Include="Runtime\Engine\Engine.h">
      <Filter>Runtime\Engine</Filter>
    </ClInclude>
    <ClInclude Include="Runtime\Engine\EngineLoop.h">
      <Filter>Runtime\Engine</Filter>
    </ClInclude>
    <ClInclude Include="Runtime\Engine\Exporter.h">
      <Filter>Runtime\Engine</Filter>
    </ClInclude>
    <ClInclude Include="Runtime\Engine\HopStepString.h">
      <Filter>Runtime\Engine</Filter>
    </ClInclude>
    <ClInclude Include="Runtime\Engine\World.h">
      <Filter>Runtime\Engine</Filter>
    </ClInclude>
    <ClInclude Include="Runtime\Launch\Launch.h">
      <Filter>Runtime\Launch</Filter>
    </ClInclude>
    <ClInclude Include="Runtime\Launch\LaunchWindows.h">
      <Filter>Runtime\Launch</Filter>
    </ClInclude>
    <ClInclude Include="Runtime\Render\D3DRenderer.h">
      <Filter>Runtime\Render</Filter>
    </ClInclude>
    <ClInclude Include="Runtime\Render\D3DUtils.h">
      <Filter>Runtime\Render</Filter>
    </ClInclude>
    <ClInclude Include="Runtime\Render\d3dx12.h">
      <Filter>Runtime\Render</Filter>
    </ClInclude>
    <ClInclude Include="Runtime\Render\DirectXIncludes.h">
      <Filter>Runtime\Render</Filter>
    </ClInclude>
    <ClInclude Include="Runtime\Render\ID3DRenderer.h">
      <Filter>Runtime\Render</Filter>
    </ClInclude>
    <ClInclude Include="ThirdParty\FBX\2020.2\include\fbxsdk.h">
      <Filter>ThirdParty\FBX\2020.2\include</Filter>
    </ClInclude>
    <ClInclude Include="ThirdParty\FBX\2020.2\include\fbxsdk\fbxsdk_def.h">
      <Filter>ThirdParty\FBX\2020.2\include\fbxsdk</Filter>
    </ClInclude>
    <ClInclude Include="ThirdParty\FBX\2020.2\include\fbxsdk\fbxsdk_nsbegin.h">
      <Filter>ThirdParty\FBX\2020.2\include\fbxsdk</Filter>
    </ClInclude>
    <ClInclude Include="ThirdParty\FBX\2020.2\include\fbxsdk\fbxsdk_nsend.h">
      <Filter>ThirdParty\FBX\2020.2\include\fbxsdk</Filter>
    </ClInclude>
    <ClInclude Include="ThirdParty\FBX\2020.2\include\fbxsdk\fbxsdk_version.h">
      <Filter>ThirdParty\FBX\2020.2\include\fbxsdk</Filter>
    </ClInclude>
    <ClInclude Include="ThirdParty\FBX\2020.2\include\fbxsdk\core\fbxclassid.h">
      <Filter>ThirdParty\FBX\2020.2\include\fbxsdk\core</Filter>
    </ClInclude>
    <ClInclude Include="ThirdParty\FBX\2020.2\include\fbxsdk\core\fbxconnectionpoint.h">
      <Filter>ThirdParty\FBX\2020.2\include\fbxsdk\core</Filter>
    </ClInclude>
    <ClInclude Include="ThirdParty\FBX\2020.2\include\fbxsdk\core\fbxdatatypes.h">
      <Filter>ThirdParty\FBX\2020.2\include\fbxsdk\core</Filter>
    </ClInclude>
    <ClInclude Include="ThirdParty\FBX\2020.2\include\fbxsdk\core\fbxemitter.h">
      <Filter>ThirdParty\FBX\2020.2\include\fbxsdk\core</Filter>
    </ClInclude>
    <ClInclude Include="ThirdParty\FBX\2020.2\include\fbxsdk\core\fbxevent.h">
      <Filter>ThirdParty\FBX\2020.2\include\fbxsdk\core</Filter>
    </ClInclude>
    <ClInclude Include="ThirdParty\FBX\2020.2\include\fbxsdk\core\fbxeventhandler.h">
      <Filter>ThirdParty\FBX\2020.2\include\fbxsdk\core</Filter>
    </ClInclude>
    <ClInclude Include="ThirdParty\FBX\2020.2\include\fbxsdk\core\fbxlistener.h">
      <Filter>ThirdParty\FBX\2020.2\include\fbxsdk\core</Filter>
    </ClInclude>
    <ClInclude Include="ThirdParty\FBX\2020.2\include\fbxsdk\core\fbxloadingstrategy.h">
      <Filter>ThirdParty\FBX\2020.2\include\fbxsdk\core</Filter>
    </ClInclude>
    <ClInclude Include="ThirdParty\FBX\2020.2\include\fbxsdk\core\fbxmanager.h">
      <Filter>ThirdParty\FBX\2020.2\include\fbxsdk\core</Filter>
    </ClInclude>
    <ClInclude Include="ThirdParty\FBX\2020.2\include\fbxsdk\core\fbxmodule.h">
      <Filter>ThirdParty\FBX\2020.2\include\fbxsdk\core</Filter>
    </ClInclude>
    <ClInclude Include="ThirdParty\FBX\2020.2\include\fbxsdk\core\fbxobject.h">
      <Filter>ThirdParty\FBX\2020.2\include\fbxsdk\core</Filter>
    </ClInclude>
    <ClInclude Include="ThirdParty\FBX\2020.2\include\fbxsdk\core\fbxperipheral.h">
      <Filter>ThirdParty\FBX\2020.2\include\fbxsdk\core</Filter>
    </ClInclude>
    <ClInclude Include="ThirdParty\FBX\2020.2\include\fbxsdk\core\fbxplugin.h">
      <Filter>ThirdParty\FBX\2020.2\include\fbxsdk\core</Filter>
    </ClInclude>
    <ClInclude Include="ThirdParty\FBX\2020.2\include\fbxsdk\core\fbxplugincontainer.h">
      <Filter>ThirdParty\FBX\2020.2\include\fbxsdk\core</Filter>
    </ClInclude>
    <ClInclude Include="ThirdParty\FBX\2020.2\include\fbxsdk\core\fbxproperty.h">
      <Filter>ThirdParty\FBX\2020.2\include\fbxsdk\core</Filter>
    </ClInclude>
    <ClInclude Include="ThirdParty\FBX\2020.2\include\fbxsdk\core\fbxpropertydef.h">
      <Filter>ThirdParty\FBX\2020.2\include\fbxsdk\core</Filter>
    </ClInclude>
    <ClInclude Include="ThirdParty\FBX\2020.2\include\fbxsdk\core\fbxpropertyhandle.h">
      <Filter>ThirdParty\FBX\2020.2\include\fbxsdk\core</Filter>
    </ClInclude>
    <ClInclude Include="ThirdParty\FBX\2020.2\include\fbxsdk\core\fbxpropertypage.h">
      <Filter>ThirdParty\FBX\2020.2\include\fbxsdk\core</Filter>
    </ClInclude>
    <ClInclude Include="ThirdParty\FBX\2020.2\include\fbxsdk\core\fbxpropertytypes.h">
      <Filter>ThirdParty\FBX\2020.2\include\fbxsdk\core</Filter>
    </ClInclude>
    <ClInclude Include="ThirdParty\FBX\2020.2\include\fbxsdk\core\fbxquery.h">
      <Filter>ThirdParty\FBX\2020.2\include\fbxsdk\core</Filter>
    </ClInclude>
    <ClInclude Include="ThirdParty\FBX\2020.2\include\fbxsdk\core\fbxqueryevent.h">
      <Filter>ThirdParty\FBX\2020.2\include\fbxsdk\core</Filter>
    </ClInclude>
    <ClInclude Include="ThirdParty\FBX\2020.2\include\fbxsdk\core\fbxscopedloadingdirectory.h">
      <Filter>ThirdParty\FBX\2020.2\include\fbxsdk\core</Filter>
    </ClInclude>
    <ClInclude Include="ThirdParty\FBX\2020.2\include\fbxsdk\core\fbxscopedloadingfilename.h">
      <Filter>ThirdParty\FBX\2020.2\include\fbxsdk\core</Filter>
    </ClInclude>
    <ClInclude Include="ThirdParty\FBX\2020.2\include\fbxsdk\core\fbxstream.h">
      <Filter>ThirdParty\FBX\2020.2\include\fbxsdk\core</Filter>
    </ClInclude>
    <ClInclude Include="ThirdParty\FBX\2020.2\include\fbxsdk\core\fbxsymbol.h">
      <Filter>ThirdParty\FBX\2020.2\include\fbxsdk\core</Filter>
    </ClInclude>
    <ClInclude Include="ThirdParty\FBX\2020.2\include\fbxsdk\core\fbxsystemunit.h">
      <Filter>ThirdParty\FBX\2020.2\include\fbxsdk\core</Filter>
    </ClInclude>
    <ClInclude Include="ThirdParty\FBX\2020.2\include\fbxsdk\core\fbxxref.h">
      <Filter>ThirdParty\FBX\2020.2\include\fbxsdk\core</Filter>
    </ClInclude>
    <ClInclude Include="ThirdParty\FBX\2020.2\include\fbxsdk\core\arch\fbxalloc.h">
      <Filter>ThirdParty\FBX\2020.2\include\fbxsdk\core\arch</Filter>
    </ClInclude>
    <ClInclude Include="ThirdParty\FBX\2020.2\include\fbxsdk\core\arch\fbxarch.h">
      <Filter>ThirdParty\FBX\2020.2\include\fbxsdk\core\arch</Filter>
    </ClInclude>
    <ClInclude Include="ThirdParty\FBX\2020.2\include\fbxsdk\core\arch\fbxdebug.h">
      <Filter>ThirdParty\FBX\2020.2\include\fbxsdk\core\arch</Filter>
    </ClInclude>
    <ClInclude Include="ThirdParty\FBX\2020.2\include\fbxsdk\core\arch\fbxnew.h">
      <Filter>ThirdParty\FBX\2020.2\include\fbxsdk\core\arch</Filter>
    </ClInclude>
    <ClInclude Include="ThirdParty\FBX\2020.2\include\fbxsdk\core\arch\fbxstdcompliant.h">
      <Filter>ThirdParty\FBX\2020.2\include\fbxsdk\core\arch</Filter>
    </ClInclude>
    <ClInclude Include="ThirdParty\FBX\2020.2\include\fbxsdk\core\arch\fbxtypes.h">
      <Filter>ThirdParty\FBX\2020.2\include\fbxsdk\core\arch</Filter>
    </ClInclude>
    <ClInclude Include="ThirdParty\FBX\2020.2\include\fbxsdk\core\base\fbxarray.h">
      <Filter>ThirdParty\FBX\2020.2\include\fbxsdk\core\base</Filter>
    </ClInclude>
    <ClInclude Include="ThirdParty\FBX\2020.2\include\fbxsdk\core\base\fbxbitset.h">
      <Filter>ThirdParty\FBX\2020.2\include\fbxsdk\core\base</Filter>
    </ClInclude>
    <ClInclude Include="ThirdParty\FBX\2020.2\include\fbxsdk\core\base\fbxcharptrset.h">
      <Filter>ThirdParty\FBX\2020.2\include\fbxsdk\core\base</Filter>
    </ClInclude>
    <ClInclude Include="ThirdParty\FBX\2020.2\include\fbxsdk\core\base\fbxcontainerallocators.h">
      <Filter>ThirdParty\FBX\2020.2\include\fbxsdk\core\base</Filter>
    </ClInclude>
    <ClInclude Include="ThirdParty\FBX\2020.2\include\fbxsdk\core\base\fbxdynamicarray.h">
      <Filter>ThirdParty\FBX\2020.2\include\fbxsdk\core\base</Filter>
    </ClInclude>
    <ClInclude Include="ThirdParty\FBX\2020.2\include\fbxsdk\core\base\fbxfile.h">
      <Filter>ThirdParty\FBX\2020.2\include\fbxsdk\core\base</Filter>
    </ClInclude>
    <ClInclude Include="ThirdParty\FBX\2020.2\include\fbxsdk\core\base\fbxfolder.h">
      <Filter>ThirdParty\FBX\2020.2\include\fbxsdk\core\base</Filter>
    </ClInclude>
    <ClInclude Include="ThirdParty\FBX\2020.2\include\fbxsdk\core\base\fbxhashmap.h">
      <Filter>ThirdParty\FBX\2020.2\include\fbxsdk\core\base</Filter>
    </ClInclude>
    <ClInclude Include="ThirdParty\FBX\2020.2\include\fbxsdk\core\base\fbxintrusivelist.h">
      <Filter>ThirdParty\FBX\2020.2\include\fbxsdk\core\base</Filter>
    </ClInclude>
    <ClInclude Include="ThirdParty\FBX\2020.2\include\fbxsdk\core\base\fbxmap.h">
      <Filter>ThirdParty\FBX\2020.2\include\fbxsdk\core\base</Filter>
    </ClInclude>
    <ClInclude Include="ThirdParty\FBX\2020.2\include\fbxsdk\core\base\fbxmemorypool.h">
      <Filter>ThirdParty\FBX\2020.2\include\fbxsdk\core\base</Filter>
    </ClInclude>
    <ClInclude Include="ThirdParty\FBX\2020.2\include\fbxsdk\core\base\fbxmultimap.h">
      <Filter>ThirdParty\FBX\2020.2\include\fbxsdk\core\base</Filter>
    </ClInclude>
    <ClInclude Include="ThirdParty\FBX\2020.2\include\fbxsdk\core\base\fbxpair.h">
      <Filter>ThirdParty\FBX\2020.2\include\fbxsdk\core\base</Filter>
    </ClInclude>
    <ClInclude Include="ThirdParty\FBX\2020.2\include\fbxsdk\core\base\fbxredblacktree.h">
      <Filter>ThirdParty\FBX\2020.2\include\fbxsdk\core\base</Filter>
    </ClInclude>
    <ClInclude Include="ThirdParty\FBX\2020.2\include\fbxsdk\core\base\fbxset.h">
      <Filter>ThirdParty\FBX\2020.2\include\fbxsdk\core\base</Filter>
    </ClInclude>
    <ClInclude Include="ThirdParty\FBX\2020.2\include\fbxsdk\core\base\fbxstatus.h">
      <Filter>ThirdParty\FBX\2020.2\include\fbxsdk\core\base</Filter>
    </ClInclude>
    <ClInclude Include="ThirdParty\FBX\2020.2\include\fbxsdk\core\base\fbxstring.h">
      <Filter>ThirdParty\FBX\2020.2\include\fbxsdk\core\base</Filter>
    </ClInclude>
    <ClInclude Include="ThirdParty\FBX\2020.2\include\fbxsdk\core\base\fbxstringlist.h">
      <Filter>ThirdParty\FBX\2020.2\include\fbxsdk\core\base</Filter>
    </ClInclude>
    <ClInclude Include="ThirdParty\FBX\2020.2\include\fbxsdk\core\base\fbxtime.h">
      <Filter>ThirdParty\FBX\2020.2\include\fbxsdk\core\base</Filter>
    </ClInclude>
    <ClInclude Include="ThirdParty\FBX\2020.2\include\fbxsdk\core\base\fbxtimecode.h">
      <Filter>ThirdParty\FBX\2020.2\include\fbxsdk\core\base</Filter>
    </ClInclude>
    <ClInclude Include="ThirdParty\FBX\2020.2\include\fbxsdk\core\base\fbxutils.h">
      <Filter>ThirdParty\FBX\2020.2\include\fbxsdk\core\base</Filter>
    </ClInclude>
    <ClInclude Include="ThirdParty\FBX\2020.2\include\fbxsdk\core\math\fbxaffinematrix.h">
      <Filter>ThirdParty\FBX\2020.2\include\fbxsdk\core\math</Filter>
    </ClInclude>
    <ClInclude Include="ThirdParty\FBX\2020.2\include\fbxsdk\core\math\fbxdualquaternion.h">
      <Filter>ThirdParty\FBX\2020.2\include\fbxsdk\core\math</Filter>
    </ClInclude>
    <ClInclude Include="ThirdParty\FBX\2020.2\include\fbxsdk\core\math\fbxmath.h">
      <Filter>ThirdParty\FBX\2020.2\include\fbxsdk\core\math</Filter>
    </ClInclude>
    <ClInclude Include="ThirdParty\FBX\2020.2\include\fbxsdk\core\math\fbxmatrix.h">
      <Filter>ThirdParty\FBX\2020.2\include\fbxsdk\core\math</Filter>
    </ClInclude>
    <ClInclude Include="ThirdParty\FBX\2020.2\include\fbxsdk\core\math\fbxquaternion.h">
      <Filter>ThirdParty\FBX\2020.2\include\fbxsdk\core\math</Filter>
    </ClInclude>
    <ClInclude Include="ThirdParty\FBX\2020.2\include\fbxsdk\core\math\fbxtransforms.h">
      <Filter>ThirdParty\FBX\2020.2\include\fbxsdk\core\math</Filter>
    </ClInclude>
    <ClInclude Include="ThirdParty\FBX\2020.2\include\fbxsdk\core\math\fbxvector2.h">
      <Filter>ThirdParty\FBX\2020.2\include\fbxsdk\core\math</Filter>
    </ClInclude>
    <ClInclude Include="ThirdParty\FBX\2020.2\include\fbxsdk\core\math\fbxvector4.h">
      <Filter>ThirdParty\FBX\2020.2\include\fbxsdk\core\math</Filter>
    </ClInclude>
    <ClInclude Include="ThirdParty\FBX\2020.2\include\fbxsdk\core\sync\fbxatomic.h">
      <Filter>ThirdParty\FBX\2020.2\include\fbxsdk\core\sync</Filter>
    </ClInclude>
    <ClInclude Include="ThirdParty\FBX\2020.2\include\fbxsdk\core\sync\fbxclock.h">
      <Filter>ThirdParty\FBX\2020.2\include\fbxsdk\core\sync</Filter>
    </ClInclude>
    <ClInclude Include="ThirdParty\FBX\2020.2\include\fbxsdk\core\sync\fbxsync.h">
      <Filter>ThirdParty\FBX\2020.2\include\fbxsdk\core\sync</Filter>
    </ClInclude>
    <ClInclude Include="ThirdParty\FBX\2020.2\include\fbxsdk\core\sync\fbxthread.h">
      <Filter>ThirdParty\FBX\2020.2\include\fbxsdk\core\sync</Filter>
    </ClInclude>
    <ClInclude Include="ThirdParty\FBX\2020.2\include\fbxsdk\fileio\fbxbase64coder.h">
      <Filter>ThirdParty\FBX\2020.2\include\fbxsdk\fileio</Filter>
    </ClInclude>
    <ClInclude Include="ThirdParty\FBX\2020.2\include\fbxsdk\fileio\fbxcallbacks.h">
      <Filter>ThirdParty\FBX\2020.2\include\fbxsdk\fileio</Filter>
    </ClInclude>
    <ClInclude Include="ThirdParty\FBX\2020.2\include\fbxsdk\fileio\fbxexporter.h">
      <Filter>ThirdParty\FBX\2020.2\include\fbxsdk\fileio</Filter>
    </ClInclude>
    <ClInclude Include="ThirdParty\FBX\2020.2\include\fbxsdk\fileio\fbxexternaldocreflistener.h">
      <Filter>ThirdParty\FBX\2020.2\include\fbxsdk\fileio</Filter>
    </ClInclude>
    <ClInclude Include="ThirdParty\FBX\2020.2\include\fbxsdk\fileio\fbxfiletokens.h">
      <Filter>ThirdParty\FBX\2020.2\include\fbxsdk\fileio</Filter>
    </ClInclude>
    <ClInclude Include="ThirdParty\FBX\2020.2\include\fbxsdk\fileio\fbxglobalcamerasettings.h">
      <Filter>ThirdParty\FBX\2020.2\include\fbxsdk\fileio</Filter>
    </ClInclude>
    <ClInclude Include="ThirdParty\FBX\2020.2\include\fbxsdk\fileio\fbxgloballightsettings.h">
      <Filter>ThirdParty\FBX\2020.2\include\fbxsdk\fileio</Filter>
    </ClInclude>
    <ClInclude Include="ThirdParty\FBX\2020.2\include\fbxsdk\fileio\fbxglobalsettings.h">
      <Filter>ThirdParty\FBX\2020.2\include\fbxsdk\fileio</Filter>
    </ClInclude>
    <ClInclude Include="ThirdParty\FBX\2020.2\include\fbxsdk\fileio\fbxgobo.h">
      <Filter>ThirdParty\FBX\2020.2\include\fbxsdk\fileio</Filter>
    </ClInclude>
    <ClInclude Include="ThirdParty\FBX\2020.2\include\fbxsdk\fileio\fbximporter.h">
      <Filter>ThirdParty\FBX\2020.2\include\fbxsdk\fileio</Filter>
    </ClInclude>
    <ClInclude Include="ThirdParty\FBX\2020.2\include\fbxsdk\fileio\fbxiobase.h">
      <Filter>ThirdParty\FBX\2020.2\include\fbxsdk\fileio</Filter>
    </ClInclude>
    <ClInclude Include="ThirdParty\FBX\2020.2\include\fbxsdk\fileio\fbxiopluginregistry.h">
      <Filter>ThirdParty\FBX\2020.2\include\fbxsdk\fileio</Filter>
    </ClInclude>
    <ClInclude Include="ThirdParty\FBX\2020.2\include\fbxsdk\fileio\fbxiosettings.h">
      <Filter>ThirdParty\FBX\2020.2\include\fbxsdk\fileio</Filter>
    </ClInclude>
    <ClInclude Include="ThirdParty\FBX\2020.2\include\fbxsdk\fileio\fbxiosettingspath.h">
      <Filter>ThirdParty\FBX\2020.2\include\fbxsdk\fileio</Filter>
    </ClInclude>
    <ClInclude Include="ThirdParty\FBX\2020.2\include\fbxsdk\fileio\fbxprogress.h">
      <Filter>ThirdParty\FBX\2020.2\include\fbxsdk\fileio</Filter>
    </ClInclude>
    <ClInclude Include="ThirdParty\FBX\2020.2\include\fbxsdk\fileio\fbxreader.h">
      <Filter>ThirdParty\FBX\2020.2\include\fbxsdk\fileio</Filter>
    </ClInclude>
    <ClInclude Include="ThirdParty\FBX\2020.2\include\fbxsdk\fileio\fbxstatistics.h">
      <Filter>ThirdParty\FBX\2020.2\include\fbxsdk\fileio</Filter>
    </ClInclude>
    <ClInclude Include="ThirdParty\FBX\2020.2\include\fbxsdk\fileio\fbxstatisticsfbx.h">
      <Filter>ThirdParty\FBX\2020.2\include\fbxsdk\fileio</Filter>
    </ClInclude>
    <ClInclude Include="ThirdParty\FBX\2020.2\include\fbxsdk\fileio\fbxwriter.h">
      <Filter>ThirdParty\FBX\2020.2\include\fbxsdk\fileio</Filter>
    </ClInclude>
    <ClInclude Include="ThirdParty\FBX\2020.2\include\fbxsdk\fileio\collada\fbxcolladaanimationelement.h">
      <Filter>ThirdParty\FBX\2020.2\include\fbxsdk\fileio\collada</Filter>
    </ClInclude>
    <ClInclude Include="ThirdParty\FBX\2020.2\include\fbxsdk\fileio\collada\fbxcolladaelement.h">
      <Filter>ThirdParty\FBX\2020.2\include\fbxsdk\fileio\collada</Filter>
    </ClInclude>
    <ClInclude Include="ThirdParty\FBX\2020.2\include\fbxsdk\fileio\collada\fbxcolladaiostream.h">
      <Filter>ThirdParty\FBX\2020.2\include\fbxsdk\fileio\collada</Filter>
    </ClInclude>
    <ClInclude Include="ThirdParty\FBX\2020.2\include\fbxsdk\fileio\collada\fbxcolladanamespace.h">
      <Filter>ThirdParty\FBX\2020.2\include\fbxsdk\fileio\collada</Filter>
    </ClInclude>
    <ClInclude Include="ThirdParty\FBX\2020.2\include\fbxsdk\fileio\collada\fbxcolladatokens.h">
      <Filter>ThirdParty\FBX\2020.2\include\fbxsdk\fileio\collada</Filter>
    </ClInclude>
    <ClInclude Include="ThirdParty\FBX\2020.2\include\fbxsdk\fileio\collada\fbxcolladautils.h">
      <Filter>ThirdParty\FBX\2020.2\include\fbxsdk\fileio\collada</Filter>
    </ClInclude>
    <ClInclude Include="ThirdParty\FBX\2020.2\include\fbxsdk\fileio\collada\fbxreadercollada14.h">
      <Filter>ThirdParty\FBX\2020.2\include\fbxsdk\fileio\collada</Filter>
    </ClInclude>
    <ClInclude Include="ThirdParty\FBX\2020.2\include\fbxsdk\fileio\collada\fbxwritercollada14.h">
      <Filter>ThirdParty\FBX\2020.2\include\fbxsdk\fileio\collada</Filter>
    </ClInclude>
    <ClInclude Include="ThirdParty\FBX\2020.2\include\fbxsdk\fileio\fbx\fbxio.h">
      <Filter>ThirdParty\FBX\2020.2\include\fbxsdk\fileio\fbx</Filter>
    </ClInclude>
    <ClInclude Include="ThirdParty\FBX\2020.2\include\fbxsdk\fileio\fbx\fbxreaderfbx5.h">
      <Filter>ThirdParty\FBX\2020.2\include\fbxsdk\fileio\fbx</Filter>
    </ClInclude>
    <ClInclude Include="ThirdParty\FBX\2020.2\include\fbxsdk\fileio\fbx\fbxreaderfbx6.h">
      <Filter>ThirdParty\FBX\2020.2\include\fbxsdk\fileio\fbx</Filter>
    </ClInclude>
    <ClInclude Include="ThirdParty\FBX\2020.2\include\fbxsdk\fileio\fbx\fbxreaderfbx7.h">
      <Filter>ThirdParty\FBX\2020.2\include\fbxsdk\fileio\fbx</Filter>
    </ClInclude>
    <ClInclude Include="ThirdParty\FBX\2020.2\include\fbxsdk\fileio\fbx\fbxwriterfbx5.h">
      <Filter>ThirdParty\FBX\2020.2\include\fbxsdk\fileio\fbx</Filter>
    </ClInclude>
    <ClInclude Include="ThirdParty\FBX\2020.2\include\fbxsdk\fileio\fbx\fbxwriterfbx6.h">
      <Filter>ThirdParty\FBX\2020.2\include\fbxsdk\fileio\fbx</Filter>
    </ClInclude>
    <ClInclude Include="ThirdParty\FBX\2020.2\include\fbxsdk\fileio\fbx\fbxwriterfbx7.h">
      <Filter>ThirdParty\FBX\2020.2\include\fbxsdk\fileio\fbx</Filter>
    </ClInclude>
    <ClInclude Include="ThirdParty\FBX\2020.2\include\fbxsdk\scene\fbxaudio.h">
      <Filter>ThirdParty\FBX\2020.2\include\fbxsdk\scene</Filter>
    </ClInclude>
    <ClInclude Include="ThirdParty\FBX\2020.2\include\fbxsdk\scene\fbxaudiolayer.h">
      <Filter>ThirdParty\FBX\2020.2\include\fbxsdk\scene</Filter>
    </ClInclude>
    <ClInclude Include="ThirdParty\FBX\2020.2\include\fbxsdk\scene\fbxaxissystem.h">
      <Filter>ThirdParty\FBX\2020.2\include\fbxsdk\scene</Filter>
    </ClInclude>
    <ClInclude Include="ThirdParty\FBX\2020.2\include\fbxsdk\scene\fbxcollection.h">
      <Filter>ThirdParty\FBX\2020.2\include\fbxsdk\scene</Filter>
    </ClInclude>
    <ClInclude Include="ThirdParty\FBX\2020.2\include\fbxsdk\scene\fbxcollectionexclusive.h">
      <Filter>ThirdParty\FBX\2020.2\include\fbxsdk\scene</Filter>
    </ClInclude>
    <ClInclude Include="ThirdParty\FBX\2020.2\include\fbxsdk\scene\fbxcontainer.h">
      <Filter>ThirdParty\FBX\2020.2\include\fbxsdk\scene</Filter>
    </ClInclude>
    <ClInclude Include="ThirdParty\FBX\2020.2\include\fbxsdk\scene\fbxcontainertemplate.h">
      <Filter>ThirdParty\FBX\2020.2\include\fbxsdk\scene</Filter>
    </ClInclude>
    <ClInclude Include="ThirdParty\FBX\2020.2\include\fbxsdk\scene\fbxdisplaylayer.h">
      <Filter>ThirdParty\FBX\2020.2\include\fbxsdk\scene</Filter>
    </ClInclude>
    <ClInclude Include="ThirdParty\FBX\2020.2\include\fbxsdk\scene\fbxdocument.h">
      <Filter>ThirdParty\FBX\2020.2\include\fbxsdk\scene</Filter>
    </ClInclude>
    <ClInclude Include="ThirdParty\FBX\2020.2\include\fbxsdk\scene\fbxdocumentinfo.h">
      <Filter>ThirdParty\FBX\2020.2\include\fbxsdk\scene</Filter>
    </ClInclude>
    <ClInclude Include="ThirdParty\FBX\2020.2\include\fbxsdk\scene\fbxenvironment.h">
      <Filter>ThirdParty\FBX\2020.2\include\fbxsdk\scene</Filter>
    </ClInclude>
    <ClInclude Include="ThirdParty\FBX\2020.2\include\fbxsdk\scene\fbxgroupname.h">
      <Filter>ThirdParty\FBX\2020.2\include\fbxsdk\scene</Filter>
    </ClInclude>
    <ClInclude Include="ThirdParty\FBX\2020.2\include\fbxsdk\scene\fbxlibrary.h">
      <Filter>ThirdParty\FBX\2020.2\include\fbxsdk\scene</Filter>
    </ClInclude>
    <ClInclude Include="ThirdParty\FBX\2020.2\include\fbxsdk\scene\fbxmediaclip.h">
      <Filter>ThirdParty\FBX\2020.2\include\fbxsdk\scene</Filter>
    </ClInclude>
    <ClInclude Include="ThirdParty\FBX\2020.2\include\fbxsdk\scene\fbxobjectfilter.h">
      <Filter>ThirdParty\FBX\2020.2\include\fbxsdk\scene</Filter>
    </ClInclude>
    <ClInclude Include="ThirdParty\FBX\2020.2\include\fbxsdk\scene\fbxobjectmetadata.h">
      <Filter>ThirdParty\FBX\2020.2\include\fbxsdk\scene</Filter>
    </ClInclude>
    <ClInclude Include="ThirdParty\FBX\2020.2\include\fbxsdk\scene\fbxobjectscontainer.h">
      <Filter>ThirdParty\FBX\2020.2\include\fbxsdk\scene</Filter>
    </ClInclude>
    <ClInclude Include="ThirdParty\FBX\2020.2\include\fbxsdk\scene\fbxpose.h">
      <Filter>ThirdParty\FBX\2020.2\include\fbxsdk\scene</Filter>
    </ClInclude>
    <ClInclude Include="ThirdParty\FBX\2020.2\include\fbxsdk\scene\fbxreference.h">
      <Filter>ThirdParty\FBX\2020.2\include\fbxsdk\scene</Filter>
    </ClInclude>
    <ClInclude Include="ThirdParty\FBX\2020.2\include\fbxsdk\scene\fbxscene.h">
      <Filter>ThirdParty\FBX\2020.2\include\fbxsdk\scene</Filter>
    </ClInclude>
    <ClInclude Include="ThirdParty\FBX\2020.2\include\fbxsdk\scene\fbxselectionnode.h">
      <Filter>ThirdParty\FBX\2020.2\include\fbxsdk\scene</Filter>
    </ClInclude>
    <ClInclude Include="ThirdParty\FBX\2020.2\include\fbxsdk\scene\fbxselectionset.h">
      <Filter>ThirdParty\FBX\2020.2\include\fbxsdk\scene</Filter>
    </ClInclude>
    <ClInclude Include="ThirdParty\FBX\2020.2\include\fbxsdk\scene\fbxtakeinfo.h">
      <Filter>ThirdParty\FBX\2020.2\include\fbxsdk\scene</Filter>
    </ClInclude>
    <ClInclude Include="ThirdParty\FBX\2020.2\include\fbxsdk\scene\fbxthumbnail.h">
      <Filter>ThirdParty\FBX\2020.2\include\fbxsdk\scene</Filter>
    </ClInclude>
    <ClInclude Include="ThirdParty\FBX\2020.2\include\fbxsdk\scene\fbxvideo.h">
      <Filter>ThirdParty\FBX\2020.2\include\fbxsdk\scene</Filter>
    </ClInclude>
    <ClInclude Include="ThirdParty\FBX\2020.2\include\fbxsdk\scene\animation\fbxanimcurve.h">
      <Filter>ThirdParty\FBX\2020.2\include\fbxsdk\scene\animation</Filter>
    </ClInclude>
    <ClInclude Include="ThirdParty\FBX\2020.2\include\fbxsdk\scene\animation\fbxanimcurvebase.h">
      <Filter>ThirdParty\FBX\2020.2\include\fbxsdk\scene\animation</Filter>
    </ClInclude>
    <ClInclude Include="ThirdParty\FBX\2020.2\include\fbxsdk\scene\animation\fbxanimcurvefilters.h">
      <Filter>ThirdParty\FBX\2020.2\include\fbxsdk\scene\animation</Filter>
    </ClInclude>
    <ClInclude Include="ThirdParty\FBX\2020.2\include\fbxsdk\scene\animation\fbxanimcurvenode.h">
      <Filter>ThirdParty\FBX\2020.2\include\fbxsdk\scene\animation</Filter>
    </ClInclude>
    <ClInclude Include="ThirdParty\FBX\2020.2\include\fbxsdk\scene\animation\fbxanimevalclassic.h">
      <Filter>ThirdParty\FBX\2020.2\include\fbxsdk\scene\animation</Filter>
    </ClInclude>
    <ClInclude Include="ThirdParty\FBX\2020.2\include\fbxsdk\scene\animation\fbxanimevalstate.h">
      <Filter>ThirdParty\FBX\2020.2\include\fbxsdk\scene\animation</Filter>
    </ClInclude>
    <ClInclude Include="ThirdParty\FBX\2020.2\include\fbxsdk\scene\animation\fbxanimevaluator.h">
      <Filter>ThirdParty\FBX\2020.2\include\fbxsdk\scene\animation</Filter>
    </ClInclude>
    <ClInclude Include="ThirdParty\FBX\2020.2\include\fbxsdk\scene\animation\fbxanimlayer.h">
      <Filter>ThirdParty\FBX\2020.2\include\fbxsdk\scene\animation</Filter>
    </ClInclude>
    <ClInclude Include="ThirdParty\FBX\2020.2\include\fbxsdk\scene\animation\fbxanimstack.h">
      <Filter>ThirdParty\FBX\2020.2\include\fbxsdk\scene\animation</Filter>
    </ClInclude>
    <ClInclude Include="ThirdParty\FBX\2020.2\include\fbxsdk\scene\animation\fbxanimutilities.h">
      <Filter>ThirdParty\FBX\2020.2\include\fbxsdk\scene\animation</Filter>
    </ClInclude>
    <ClInclude Include="ThirdParty\FBX\2020.2\include\fbxsdk\scene\constraint\fbxcharacter.h">
      <Filter>ThirdParty\FBX\2020.2\include\fbxsdk\scene\constraint</Filter>
    </ClInclude>
    <ClInclude Include="ThirdParty\FBX\2020.2\include\fbxsdk\scene\constraint\fbxcharacternodename.h">
      <Filter>ThirdParty\FBX\2020.2\include\fbxsdk\scene\constraint</Filter>
    </ClInclude>
    <ClInclude Include="ThirdParty\FBX\2020.2\include\fbxsdk\scene\constraint\fbxcharacterpose.h">
      <Filter>ThirdParty\FBX\2020.2\include\fbxsdk\scene\constraint</Filter>
    </ClInclude>
    <ClInclude Include="ThirdParty\FBX\2020.2\include\fbxsdk\scene\constraint\fbxconstraint.h">
      <Filter>ThirdParty\FBX\2020.2\include\fbxsdk\scene\constraint</Filter>
    </ClInclude>
    <ClInclude Include="ThirdParty\FBX\2020.2\include\fbxsdk\scene\constraint\fbxconstraintaim.h">
      <Filter>ThirdParty\FBX\2020.2\include\fbxsdk\scene\constraint</Filter>
    </ClInclude>
    <ClInclude Include="ThirdParty\FBX\2020.2\include\fbxsdk\scene\constraint\fbxconstraintcustom.h">
      <Filter>ThirdParty\FBX\2020.2\include\fbxsdk\scene\constraint</Filter>
    </ClInclude>
    <ClInclude Include="ThirdParty\FBX\2020.2\include\fbxsdk\scene\constraint\fbxconstraintparent.h">
      <Filter>ThirdParty\FBX\2020.2\include\fbxsdk\scene\constraint</Filter>
    </ClInclude>
    <ClInclude Include="ThirdParty\FBX\2020.2\include\fbxsdk\scene\constraint\fbxconstraintposition.h">
      <Filter>ThirdParty\FBX\2020.2\include\fbxsdk\scene\constraint</Filter>
    </ClInclude>
    <ClInclude Include="ThirdParty\FBX\2020.2\include\fbxsdk\scene\constraint\fbxconstraintrotation.h">
      <Filter>ThirdParty\FBX\2020.2\include\fbxsdk\scene\constraint</Filter>
    </ClInclude>
    <ClInclude Include="ThirdParty\FBX\2020.2\include\fbxsdk\scene\constraint\fbxconstraintscale.h">
      <Filter>ThirdParty\FBX\2020.2\include\fbxsdk\scene\constraint</Filter>
    </ClInclude>
    <ClInclude Include="ThirdParty\FBX\2020.2\include\fbxsdk\scene\constraint\fbxconstraintsinglechainik.h">
      <Filter>ThirdParty\FBX\2020.2\include\fbxsdk\scene\constraint</Filter>
    </ClInclude>
    <ClInclude Include="ThirdParty\FBX\2020.2\include\fbxsdk\scene\constraint\fbxconstraintutils.h">
      <Filter>ThirdParty\FBX\2020.2\include\fbxsdk\scene\constraint</Filter>
    </ClInclude>
    <ClInclude Include="ThirdParty\FBX\2020.2\include\fbxsdk\scene\constraint\fbxcontrolset.h">
      <Filter>ThirdParty\FBX\2020.2\include\fbxsdk\scene\constraint</Filter>
    </ClInclude>
    <ClInclude Include="ThirdParty\FBX\2020.2\include\fbxsdk\scene\constraint\fbxhik2fbxcharacter.h">
      <Filter>ThirdParty\FBX\2020.2\include\fbxsdk\scene\constraint</Filter>
    </ClInclude>
    <ClInclude Include="ThirdParty\FBX\2020.2\include\fbxsdk\scene\geometry\fbxblendshape.h">
      <Filter>ThirdParty\FBX\2020.2\include\fbxsdk\scene\geometry</Filter>
    </ClInclude>
    <ClInclude Include="ThirdParty\FBX\2020.2\include\fbxsdk\scene\geometry\fbxblendshapechannel.h">
      <Filter>ThirdParty\FBX\2020.2\include\fbxsdk\scene\geometry</Filter>
    </ClInclude>
    <ClInclude Include="ThirdParty\FBX\2020.2\include\fbxsdk\scene\geometry\fbxcache.h">
      <Filter>ThirdParty\FBX\2020.2\include\fbxsdk\scene\geometry</Filter>
    </ClInclude>
    <ClInclude Include="ThirdParty\FBX\2020.2\include\fbxsdk\scene\geometry\fbxcachedeffect.h">
      <Filter>ThirdParty\FBX\2020.2\include\fbxsdk\scene\geometry</Filter>
    </ClInclude>
    <ClInclude Include="ThirdParty\FBX\2020.2\include\fbxsdk\scene\geometry\fbxcamera.h">
      <Filter>ThirdParty\FBX\2020.2\include\fbxsdk\scene\geometry</Filter>
    </ClInclude>
    <ClInclude Include="ThirdParty\FBX\2020.2\include\fbxsdk\scene\geometry\fbxcamerastereo.h">
      <Filter>ThirdParty\FBX\2020.2\include\fbxsdk\scene\geometry</Filter>
    </ClInclude>
    <ClInclude Include="ThirdParty\FBX\2020.2\include\fbxsdk\scene\geometry\fbxcameraswitcher.h">
      <Filter>ThirdParty\FBX\2020.2\include\fbxsdk\scene\geometry</Filter>
    </ClInclude>
    <ClInclude Include="ThirdParty\FBX\2020.2\include\fbxsdk\scene\geometry\fbxcluster.h">
      <Filter>ThirdParty\FBX\2020.2\include\fbxsdk\scene\geometry</Filter>
    </ClInclude>
    <ClInclude Include="ThirdParty\FBX\2020.2\include\fbxsdk\scene\geometry\fbxdeformer.h">
      <Filter>ThirdParty\FBX\2020.2\include\fbxsdk\scene\geometry</Filter>
    </ClInclude>
    <ClInclude Include="ThirdParty\FBX\2020.2\include\fbxsdk\scene\geometry\fbxgenericnode.h">
      <Filter>ThirdParty\FBX\2020.2\include\fbxsdk\scene\geometry</Filter>
    </ClInclude>
    <ClInclude Include="ThirdParty\FBX\2020.2\include\fbxsdk\scene\geometry\fbxgeometry.h">
      <Filter>ThirdParty\FBX\2020.2\include\fbxsdk\scene\geometry</Filter>
    </ClInclude>
    <ClInclude Include="ThirdParty\FBX\2020.2\include\fbxsdk\scene\geometry\fbxgeometrybase.h">
      <Filter>ThirdParty\FBX\2020.2\include\fbxsdk\scene\geometry</Filter>
    </ClInclude>
    <ClInclude Include="ThirdParty\FBX\2020.2\include\fbxsdk\scene\geometry\fbxgeometryweightedmap.h">
      <Filter>ThirdParty\FBX\2020.2\include\fbxsdk\scene\geometry</Filter>
    </ClInclude>
    <ClInclude Include="ThirdParty\FBX\2020.2\include\fbxsdk\scene\geometry\fbxlayer.h">
      <Filter>ThirdParty\FBX\2020.2\include\fbxsdk\scene\geometry</Filter>
    </ClInclude>
    <ClInclude Include="ThirdParty\FBX\2020.2\include\fbxsdk\scene\geometry\fbxlayercontainer.h">
      <Filter>ThirdParty\FBX\2020.2\include\fbxsdk\scene\geometry</Filter>
    </ClInclude>
    <ClInclude Include="ThirdParty\FBX\2020.2\include\fbxsdk\scene\geometry\fbxlight.h">
      <Filter>ThirdParty\FBX\2020.2\include\fbxsdk\scene\geometry</Filter>
    </ClInclude>
    <ClInclude Include="ThirdParty\FBX\2020.2\include\fbxsdk\scene\geometry\fbxlimitsutilities.h">
      <Filter>ThirdParty\FBX\2020.2\include\fbxsdk\scene\geometry</Filter>
    </ClInclude>
    <ClInclude Include="ThirdParty\FBX\2020.2\include\fbxsdk\scene\geometry\fbxline.h">
      <Filter>ThirdParty\FBX\2020.2\include\fbxsdk\scene\geometry</Filter>
    </ClInclude>
    <ClInclude Include="ThirdParty\FBX\2020.2\include\fbxsdk\scene\geometry\fbxlodgroup.h">
      <Filter>ThirdParty\FBX\2020.2\include\fbxsdk\scene\geometry</Filter>
    </ClInclude>
    <ClInclude Include="ThirdParty\FBX\2020.2\include\fbxsdk\scene\geometry\fbxmarker.h">
      <Filter>ThirdParty\FBX\2020.2\include\fbxsdk\scene\geometry</Filter>
    </ClInclude>
    <ClInclude Include="ThirdParty\FBX\2020.2\include\fbxsdk\scene\geometry\fbxmesh.h">
      <Filter>ThirdParty\FBX\2020.2\include\fbxsdk\scene\geometry</Filter>
    </ClInclude>
    <ClInclude Include="ThirdParty\FBX\2020.2\include\fbxsdk\scene\geometry\fbxnode.h">
      <Filter>ThirdParty\FBX\2020.2\include\fbxsdk\scene\geometry</Filter>
    </ClInclude>
    <ClInclude Include="ThirdParty\FBX\2020.2\include\fbxsdk\scene\geometry\fbxnodeattribute.h">
      <Filter>ThirdParty\FBX\2020.2\include\fbxsdk\scene\geometry</Filter>
    </ClInclude>
    <ClInclude Include="ThirdParty\FBX\2020.2\include\fbxsdk\scene\geometry\fbxnull.h">
      <Filter>ThirdParty\FBX\2020.2\include\fbxsdk\scene\geometry</Filter>
    </ClInclude>
    <ClInclude Include="ThirdParty\FBX\2020.2\include\fbxsdk\scene\geometry\fbxnurbs.h">
      <Filter>ThirdParty\FBX\2020.2\include\fbxsdk\scene\geometry</Filter>
    </ClInclude>
    <ClInclude Include="ThirdParty\FBX\2020.2\include\fbxsdk\scene\geometry\fbxnurbscurve.h">
      <Filter>ThirdParty\FBX\2020.2\include\fbxsdk\scene\geometry</Filter>
    </ClInclude>
    <ClInclude Include="ThirdParty\FBX\2020.2\include\fbxsdk\scene\geometry\fbxnurbssurface.h">
      <Filter>ThirdParty\FBX\2020.2\include\fbxsdk\scene\geometry</Filter>
    </ClInclude>
    <ClInclude Include="ThirdParty\FBX\2020.2\include\fbxsdk\scene\geometry\fbxopticalreference.h">
      <Filter>ThirdParty\FBX\2020.2\include\fbxsdk\scene\geometry</Filter>
    </ClInclude>
    <ClInclude Include="ThirdParty\FBX\2020.2\include\fbxsdk\scene\geometry\fbxpatch.h">
      <Filter>ThirdParty\FBX\2020.2\include\fbxsdk\scene\geometry</Filter>
    </ClInclude>
    <ClInclude Include="ThirdParty\FBX\2020.2\include\fbxsdk\scene\geometry\fbxproceduralgeometry.h">
      <Filter>ThirdParty\FBX\2020.2\include\fbxsdk\scene\geometry</Filter>
    </ClInclude>
    <ClInclude Include="ThirdParty\FBX\2020.2\include\fbxsdk\scene\geometry\fbxshape.h">
      <Filter>ThirdParty\FBX\2020.2\include\fbxsdk\scene\geometry</Filter>
    </ClInclude>
    <ClInclude Include="ThirdParty\FBX\2020.2\include\fbxsdk\scene\geometry\fbxskeleton.h">
      <Filter>ThirdParty\FBX\2020.2\include\fbxsdk\scene\geometry</Filter>
    </ClInclude>
    <ClInclude Include="ThirdParty\FBX\2020.2\include\fbxsdk\scene\geometry\fbxskin.h">
      <Filter>ThirdParty\FBX\2020.2\include\fbxsdk\scene\geometry</Filter>
    </ClInclude>
    <ClInclude Include="ThirdParty\FBX\2020.2\include\fbxsdk\scene\geometry\fbxsubdeformer.h">
      <Filter>ThirdParty\FBX\2020.2\include\fbxsdk\scene\geometry</Filter>
    </ClInclude>
    <ClInclude Include="ThirdParty\FBX\2020.2\include\fbxsdk\scene\geometry\fbxsubdiv.h">
      <Filter>ThirdParty\FBX\2020.2\include\fbxsdk\scene\geometry</Filter>
    </ClInclude>
    <ClInclude Include="ThirdParty\FBX\2020.2\include\fbxsdk\scene\geometry\fbxtrimnurbssurface.h">
      <Filter>ThirdParty\FBX\2020.2\include\fbxsdk\scene\geometry</Filter>
    </ClInclude>
    <ClInclude Include="ThirdParty\FBX\2020.2\include\fbxsdk\scene\geometry\fbxvertexcachedeformer.h">
      <Filter>ThirdParty\FBX\2020.2\include\fbxsdk\scene\geometry</Filter>
    </ClInclude>
    <ClInclude Include="ThirdParty\FBX\2020.2\include\fbxsdk\scene\geometry\fbxweightedmapping.h">
      <Filter>ThirdParty\FBX\2020.2\include\fbxsdk\scene\geometry</Filter>
    </ClInclude>
    <ClInclude Include="ThirdParty\FBX\2020.2\include\fbxsdk\scene\shading\fbxbindingoperator.h">
      <Filter>ThirdParty\FBX\2020.2\include\fbxsdk\scene\shading</Filter>
    </ClInclude>
    <ClInclude Include="ThirdParty\FBX\2020.2\include\fbxsdk\scene\shading\fbxbindingsentryview.h">
      <Filter>ThirdParty\FBX\2020.2\include\fbxsdk\scene\shading</Filter>
    </ClInclude>
    <ClInclude Include="ThirdParty\FBX\2020.2\include\fbxsdk\scene\shading\fbxbindingtable.h">
      <Filter>ThirdParty\FBX\2020.2\include\fbxsdk\scene\shading</Filter>
    </ClInclude>
    <ClInclude Include="ThirdParty\FBX\2020.2\include\fbxsdk\scene\shading\fbxbindingtablebase.h">
      <Filter>ThirdParty\FBX\2020.2\include\fbxsdk\scene\shading</Filter>
    </ClInclude>
    <ClInclude Include="ThirdParty\FBX\2020.2\include\fbxsdk\scene\shading\fbxbindingtableentry.h">
      <Filter>ThirdParty\FBX\2020.2\include\fbxsdk\scene\shading</Filter>
    </ClInclude>
    <ClInclude Include="ThirdParty\FBX\2020.2\include\fbxsdk\scene\shading\fbxconstantentryview.h">
      <Filter>ThirdParty\FBX\2020.2\include\fbxsdk\scene\shading</Filter>
    </ClInclude>
    <ClInclude Include="ThirdParty\FBX\2020.2\include\fbxsdk\scene\shading\fbxentryview.h">
      <Filter>ThirdParty\FBX\2020.2\include\fbxsdk\scene\shading</Filter>
    </ClInclude>
    <ClInclude Include="ThirdParty\FBX\2020.2\include\fbxsdk\scene\shading\fbxfiletexture.h">
      <Filter>ThirdParty\FBX\2020.2\include\fbxsdk\scene\shading</Filter>
    </ClInclude>
    <ClInclude Include="ThirdParty\FBX\2020.2\include\fbxsdk\scene\shading\fbximplementation.h">
      <Filter>ThirdParty\FBX\2020.2\include\fbxsdk\scene\shading</Filter>
    </ClInclude>
    <ClInclude Include="ThirdParty\FBX\2020.2\include\fbxsdk\scene\shading\fbximplementationfilter.h">
      <Filter>ThirdParty\FBX\2020.2\include\fbxsdk\scene\shading</Filter>
    </ClInclude>
    <ClInclude Include="ThirdParty\FBX\2020.2\include\fbxsdk\scene\shading\fbximplementationutils.h">
      <Filter>ThirdParty\FBX\2020.2\include\fbxsdk\scene\shading</Filter>
    </ClInclude>
    <ClInclude Include="ThirdParty\FBX\2020.2\include\fbxsdk\scene\shading\fbxlayeredtexture.h">
      <Filter>ThirdParty\FBX\2020.2\include\fbxsdk\scene\shading</Filter>
    </ClInclude>
    <ClInclude Include="ThirdParty\FBX\2020.2\include\fbxsdk\scene\shading\fbxlayerentryview.h">
      <Filter>ThirdParty\FBX\2020.2\include\fbxsdk\scene\shading</Filter>
    </ClInclude>
    <ClInclude Include="ThirdParty\FBX\2020.2\include\fbxsdk\scene\shading\fbxoperatorentryview.h">
      <Filter>ThirdParty\FBX\2020.2\include\fbxsdk\scene\shading</Filter>
    </ClInclude>
    <ClInclude Include="ThirdParty\FBX\2020.2\include\fbxsdk\scene\shading\fbxproceduraltexture.h">
      <Filter>ThirdParty\FBX\2020.2\include\fbxsdk\scene\shading</Filter>
    </ClInclude>
    <ClInclude Include="ThirdParty\FBX\2020.2\include\fbxsdk\scene\shading\fbxpropertyentryview.h">
      <Filter>ThirdParty\FBX\2020.2\include\fbxsdk\scene\shading</Filter>
    </ClInclude>
    <ClInclude Include="ThirdParty\FBX\2020.2\include\fbxsdk\scene\shading\fbxsemanticentryview.h">
      <Filter>ThirdParty\FBX\2020.2\include\fbxsdk\scene\shading</Filter>
    </ClInclude>
    <ClInclude Include="ThirdParty\FBX\2020.2\include\fbxsdk\scene\shading\fbxshadingconventions.h">
      <Filter>ThirdParty\FBX\2020.2\include\fbxsdk\scene\shading</Filter>
    </ClInclude>
    <ClInclude Include="ThirdParty\FBX\2020.2\include\fbxsdk\scene\shading\fbxsurfacelambert.h">
      <Filter>ThirdParty\FBX\2020.2\include\fbxsdk\scene\shading</Filter>
    </ClInclude>
    <ClInclude Include="ThirdParty\FBX\2020.2\include\fbxsdk\scene\shading\fbxsurfacematerial.h">
      <Filter>ThirdParty\FBX\2020.2\include\fbxsdk\scene\shading</Filter>
    </ClInclude>
    <ClInclude Include="ThirdParty\FBX\2020.2\include\fbxsdk\scene\shading\fbxsurfacematerialutils.h">
      <Filter>ThirdParty\FBX\2020.2\include\fbxsdk\scene\shading</Filter>
    </ClInclude>
    <ClInclude Include="ThirdParty\FBX\2020.2\include\fbxsdk\scene\shading\fbxsurfacephong.h">
      <Filter>ThirdParty\FBX\2020.2\include\fbxsdk\scene\shading</Filter>
    </ClInclude>
    <ClInclude Include="ThirdParty\FBX\2020.2\include\fbxsdk\scene\shading\fbxtexture.h">
      <Filter>ThirdParty\FBX\2020.2\include\fbxsdk\scene\shading</Filter>
    </ClInclude>
    <ClInclude Include="ThirdParty\FBX\2020.2\include\fbxsdk\utils\fbxclonemanager.h">
      <Filter>ThirdParty\FBX\2020.2\include\fbxsdk\utils</Filter>
    </ClInclude>
    <ClInclude Include="ThirdParty\FBX\2020.2\include\fbxsdk\utils\fbxdeformationsevaluator.h">
      <Filter>ThirdParty\FBX\2020.2\include\fbxsdk\utils</Filter>
    </ClInclude>
    <ClInclude Include="ThirdParty\FBX\2020.2\include\fbxsdk\utils\fbxembeddedfilesaccumulator.h">
      <Filter>ThirdParty\FBX\2020.2\include\fbxsdk\utils</Filter>
    </ClInclude>
    <ClInclude Include="ThirdParty\FBX\2020.2\include\fbxsdk\utils\fbxgeometryconverter.h">
      <Filter>ThirdParty\FBX\2020.2\include\fbxsdk\utils</Filter>
    </ClInclude>
    <ClInclude Include="ThirdParty\FBX\2020.2\include\fbxsdk\utils\fbxmanipulators.h">
      <Filter>ThirdParty\FBX\2020.2\include\fbxsdk\utils</Filter>
    </ClInclude>
    <ClInclude Include="ThirdParty\FBX\2020.2\include\fbxsdk\utils\fbxmaterialconverter.h">
      <Filter>ThirdParty\FBX\2020.2\include\fbxsdk\utils</Filter>
    </ClInclude>
    <ClInclude Include="ThirdParty\FBX\2020.2\include\fbxsdk\utils\fbxnamehandler.h">
      <Filter>ThirdParty\FBX\2020.2\include\fbxsdk\utils</Filter>
    </ClInclude>
    <ClInclude Include="ThirdParty\FBX\2020.2\include\fbxsdk\utils\fbxprocessor.h">
      <Filter>ThirdParty\FBX\2020.2\include\fbxsdk\utils</Filter>
    </ClInclude>
    <ClInclude Include="ThirdParty\FBX\2020.2\include\fbxsdk\utils\fbxprocessorshaderdependency.h">
      <Filter>ThirdParty\FBX\2020.2\include\fbxsdk\utils</Filter>
    </ClInclude>
    <ClInclude Include="ThirdParty\FBX\2020.2\include\fbxsdk\utils\fbxprocessorxref.h">
      <Filter>ThirdParty\FBX\2020.2\include\fbxsdk\utils</Filter>
    </ClInclude>
    <ClInclude Include="ThirdParty\FBX\2020.2\include\fbxsdk\utils\fbxprocessorxrefuserlib.h">
      <Filter>ThirdParty\FBX\2020.2\include\fbxsdk\utils</Filter>
    </ClInclude>
    <ClInclude Include="ThirdParty\FBX\2020.2\include\fbxsdk\utils\fbxrenamingstrategy.h">
      <Filter>ThirdParty\FBX\2020.2\include\fbxsdk\utils</Filter>
    </ClInclude>
    <ClInclude Include="ThirdParty\FBX\2020.2\include\fbxsdk\utils\fbxrenamingstrategybase.h">
      <Filter>ThirdParty\FBX\2020.2\include\fbxsdk\utils</Filter>
    </ClInclude>
    <ClInclude Include="ThirdParty\FBX\2020.2\include\fbxsdk\utils\fbxrenamingstrategyfbx5.h">
      <Filter>ThirdParty\FBX\2020.2\include\fbxsdk\utils</Filter>
    </ClInclude>
    <ClInclude Include="ThirdParty\FBX\2020.2\include\fbxsdk\utils\fbxrenamingstrategyfbx6.h">
      <Filter>ThirdParty\FBX\2020.2\include\fbxsdk\utils</Filter>
    </ClInclude>
    <ClInclude Include="ThirdParty\FBX\2020.2\include\fbxsdk\utils\fbxrenamingstrategyfbx7.h">
      <Filter>ThirdParty\FBX\2020.2\include\fbxsdk\utils</Filter>
    </ClInclude>
    <ClInclude Include="ThirdParty\FBX\2020.2\include\fbxsdk\utils\fbxrenamingstrategyutilities.h">
      <Filter>ThirdParty\FBX\2020.2\include\fbxsdk\utils</Filter>
    </ClInclude>
    <ClInclude Include="ThirdParty\FBX\2020.2\include\fbxsdk\utils\fbxrootnodeutility.h">
      <Filter>ThirdParty\FBX\2020.2\include\fbxsdk\utils</Filter>
    </ClInclude>
    <ClInclude Include="ThirdParty\FBX\2020.2\include\fbxsdk\utils\fbxscenecheckutility.h">
      <Filter>ThirdParty\FBX\2020.2\include\fbxsdk\utils</Filter>
    </ClInclude>
    <ClInclude Include="ThirdParty\FBX\2020.2\include\fbxsdk\utils\fbxusernotification.h">
      <Filter>ThirdParty\FBX\2020.2\include\fbxsdk\utils</Filter>
    </ClInclude>
  </ItemGroup>
  <ItemGroup>
    <ClCompile Include="HopStep.cpp" />
    <ClCompile Include="Core\CoreGlobals.cpp">
      <Filter>Core</Filter>
    </ClCompile>
    <ClCompile Include="Core\Archive\Archive.cpp">
      <Filter>Core\Archive</Filter>
    </ClCompile>
    <ClCompile Include="Core\Delegates\DelegateHandle.cpp">
      <Filter>Core\Delegates</Filter>
    </ClCompile>
    <ClCompile Include="Core\GenericPlatform\GenericApplication.cpp">
      <Filter>Core\GenericPlatform</Filter>
    </ClCompile>
    <ClCompile Include="Core\GenericPlatform\GenericApplicationMessageHandler.cpp">
      <Filter>Core\GenericPlatform</Filter>
    </ClCompile>
    <ClCompile Include="Core\GenericPlatform\GenericPlatformTime.cpp">
      <Filter>Core\GenericPlatform</Filter>
    </ClCompile>
    <ClCompile Include="Core\GenericPlatform\GenericWindow.cpp">
      <Filter>Core\GenericPlatform</Filter>
    </ClCompile>
    <ClCompile Include="Core\Import\FbxImporter.cpp">
      <Filter>Core\Import</Filter>
    </ClCompile>
    <ClCompile Include="Core\Misc\App.cpp">
      <Filter>Core\Misc</Filter>
    </ClCompile>
    <ClCompile Include="Core\Misc\CommandLine.cpp">
      <Filter>Core\Misc</Filter>
    </ClCompile>
    <ClCompile Include="Core\Misc\EngineConfig.cpp">
      <Filter>Core\Misc</Filter>
    </ClCompile>
    <ClCompile Include="Core\Misc\GenericMemory.cpp">
      <Filter>Core\Misc</Filter>
    </ClCompile>
    <ClCompile Include="Core\Misc\Json.cpp">
      <Filter>Core\Misc</Filter>
    </ClCompile>
    <ClCompile Include="Core\Misc\OutputDevice.cpp">
      <Filter>Core\Misc</Filter>
    </ClCompile>
    <ClCompile Include="Core\Misc\Paths.cpp">
      <Filter>Core\Misc</Filter>
    </ClCompile>
    <ClCompile Include="Core\Windows\WindowsApplication.cpp">
      <Filter>Core\Windows</Filter>
    </ClCompile>
    <ClCompile Include="Core\Windows\WindowsApplicationMessageHandler.cpp">
      <Filter>Core\Windows</Filter>
    </ClCompile>
    <ClCompile Include="Core\Windows\WindowsPlatformMisc.cpp">
      <Filter>Core\Windows</Filter>
    </ClCompile>
    <ClCompile Include="Core\Windows\WindowsPlatformTime.cpp">
      <Filter>Core\Windows</Filter>
    </ClCompile>
    <ClCompile Include="Core\Windows\WindowsWindow.cpp">
      <Filter>Core\Windows</Filter>
    </ClCompile>
    <ClCompile Include="CoreObject\CoreObjectExport.cpp">
      <Filter>CoreObject</Filter>
    </ClCompile>
    <ClCompile Include="CoreObject\Object\GarbageCollector.cpp">
      <Filter>CoreObject\Object</Filter>
    </ClCompile>
    <ClCompile Include="CoreObject\Object\NameHelper.cpp">
      <Filter>CoreObject\Object</Filter>
    </ClCompile>
    <ClCompile Include="CoreObject\Object\NamePool.cpp">
      <Filter>CoreObject\Object</Filter>
    </ClCompile>
    <ClCompile Include="CoreObject\Object\NameTypes.cpp">
      <Filter>CoreObject\Object</Filter>
    </ClCompile>
    <ClCompile Include="CoreObject\Object\Object.cpp">
      <Filter>CoreObject\Object</Filter>
    </ClCompile>
    <ClCompile Include="CoreObject\Object\ObjectBase.cpp">
      <Filter>CoreObject\Object</Filter>
    </ClCompile>
    <ClCompile Include="CoreObject\Object\ObjectFunctions.cpp">
      <Filter>CoreObject\Object</Filter>
    </ClCompile>
    <ClCompile Include="CoreObject\Object\ObjectPtr.cpp">
      <Filter>CoreObject\Object</Filter>
    </ClCompile>
    <ClCompile Include="CoreObject\Object\WeakObjectPtrImplement.cpp">
      <Filter>CoreObject\Object</Filter>
    </ClCompile>
    <ClCompile Include="CoreObject\Reflection\Class.cpp">
      <Filter>CoreObject\Reflection</Filter>
    </ClCompile>
    <ClCompile Include="CoreObject\Reflection\Enum.cpp">
      <Filter>CoreObject\Reflection</Filter>
    </ClCompile>
    <ClCompile Include="CoreObject\Reflection\Field.cpp">
      <Filter>CoreObject\Reflection</Filter>
    </ClCompile>
    <ClCompile Include="CoreObject\Reflection\FieldClass.cpp">
      <Filter>CoreObject\Reflection</Filter>
    </ClCompile>
    <ClCompile Include="CoreObject\Reflection\Function.cpp">
      <Filter>CoreObject\Reflection</Filter>
    </ClCompile>
    <ClCompile Include="CoreObject\Reflection\PrimitiveProperty.cpp">
      <Filter>CoreObject\Reflection</Filter>
    </ClCompile>
    <ClCompile Include="CoreObject\Reflection\Property.cpp">
      <Filter>CoreObject\Reflection</Filter>
    </ClCompile>
    <ClCompile Include="CoreObject\Reflection\ReflectionTest.cpp">
      <Filter>CoreObject\Reflection</Filter>
    </ClCompile>
    <ClCompile Include="CoreObject\Reflection\Struct.cpp">
      <Filter>CoreObject\Reflection</Filter>
    </ClCompile>
    <ClCompile Include="CoreObject\Reflection\StructBuilder.cpp">
      <Filter>CoreObject\Reflection</Filter>
    </ClCompile>
    <ClCompile Include="CoreObject\Reflection\Type.cpp">
      <Filter>CoreObject\Reflection</Filter>
    </ClCompile>
    <ClCompile Include="CoreObject\Reflection\TypeLibrary.cpp">
      <Filter>CoreObject\Reflection</Filter>
    </ClCompile>
    <ClCompile Include="Intermediate\Object.generated.cpp">
      <Filter>Intermediate</Filter>
    </ClCompile>
    <ClCompile Include="Intermediate\ObjectBase.generated.cpp">
      <Filter>Intermediate</Filter>
    </ClCompile>
    <ClCompile Include="Intermediate\ReflectionTest.generated.cpp">
      <Filter>Intermediate</Filter>
    </ClCompile>
    <ClCompile Include="Intermediate\World.generated.cpp">
      <Filter>Intermediate</Filter>
    </ClCompile>
    <ClCompile Include="Runtime\Engine\Engine.cpp">
      <Filter>Runtime\Engine</Filter>
    </ClCompile>
    <ClCompile Include="Runtime\Engine\EngineLoop.cpp">
      <Filter>Runtime\Engine</Filter>
    </ClCompile>
    <ClCompile Include="Runtime\Engine\Exporter.cpp">
      <Filter>Runtime\Engine</Filter>
    </ClCompile>
    <ClCompile Include="Runtime\Engine\HopStepString.cpp">
      <Filter>Runtime\Engine</Filter>
    </ClCompile>
    <ClCompile Include="Runtime\Engine\World.cpp">
      <Filter>Runtime\Engine</Filter>
    </ClCompile>
    <ClCompile Include="Runtime\Launch\Launch.cpp">
      <Filter>Runtime\Launch</Filter>
    </ClCompile>
    <ClCompile Include="Runtime\Launch\LaunchWindows.cpp">
      <Filter>Runtime\Launch</Filter>
    </ClCompile>
    <ClCompile Include="Runtime\Render\D3DRenderer.cpp">
      <Filter>Runtime\Render</Filter>
    </ClCompile>
    <ClCompile Include="Runtime\Render\D3DUtils.cpp">
      <Filter>Runtime\Render</Filter>
    </ClCompile>
    <ClCompile Include="Runtime\Render\DirectXIncludes.cpp">
      <Filter>Runtime\Render</Filter>
    </ClCompile>
    <ClCompile Include="Runtime\Render\ID3DRenderer.cpp">
      <Filter>Runtime\Render</Filter>
    </ClCompile>
  </ItemGroup>
  <ItemGroup>
    <None Include="Runtime\Render\Shader\shaders.hlsl">
      <Filter>Runtime\Render\Shader</Filter>
    </None>
  </ItemGroup>
</Project>