<?xml version="1.0" encoding="utf-8"?>
<Project ToolsVersion="4.0">
  <ItemGroup>
    <Filter Include="Core">
      <UniqueIdentifier>{c42418d2-20c4-4f78-8d14-68af5c5f5473}</UniqueIdentifier>
    </Filter>
    <Filter Include="Core\Archive">
      <UniqueIdentifier>{911eba1e-6ea0-480a-a7a1-6cd3972ae0cb}</UniqueIdentifier>
    </Filter>
    <Filter Include="Core\Container">
      <UniqueIdentifier>{ae295edc-c065-4fd4-93a7-9bc6b35b72fe}</UniqueIdentifier>
    </Filter>
    <Filter Include="Core\Logger">
      <UniqueIdentifier>{26d10c19-a799-46ee-96bb-420774901125}</UniqueIdentifier>
    </Filter>
    <Filter Include="Core\Misc">
      <UniqueIdentifier>{13b91e06-625f-44ca-837f-e9f1d0d03ecb}</UniqueIdentifier>
    </Filter>
    <Filter Include="CoreObject">
      <UniqueIdentifier>{4f92ee98-dd7a-4764-b585-3f68421ef1bb}</UniqueIdentifier>
    </Filter>
    <Filter Include="CoreObject\Object">
      <UniqueIdentifier>{c867725c-5847-44c7-aac5-42fa585b2bff}</UniqueIdentifier>
    </Filter>
    <Filter Include="CoreObject\Reflection">
      <UniqueIdentifier>{93dcd1f6-4b59-4c87-81cc-3b449db999dc}</UniqueIdentifier>
    </Filter>
    <Filter Include="Extern">
      <UniqueIdentifier>{8ea4dc84-76f8-449b-bbb1-2cdfee38f970}</UniqueIdentifier>
    </Filter>
    <Filter Include="Extern\Jsoncpp">
      <UniqueIdentifier>{3740b095-e938-4a76-b0fa-bed723c260b7}</UniqueIdentifier>
    </Filter>
    <Filter Include="Extern\Jsoncpp\include">
      <UniqueIdentifier>{a0aae62b-13e1-446b-92f6-208eeabdf6b2}</UniqueIdentifier>
    </Filter>
    <Filter Include="Extern\Jsoncpp\include\json">
      <UniqueIdentifier>{cfdf5035-ca87-4ed1-b7aa-08b55a315f21}</UniqueIdentifier>
    </Filter>
    <Filter Include="Intermediate">
      <UniqueIdentifier>{3f98b460-9616-46d8-b809-77466c89736d}</UniqueIdentifier>
    </Filter>
    <Filter Include="Runtime">
      <UniqueIdentifier>{12204c0d-af9b-4f7a-b9ad-cd6926868ed3}</UniqueIdentifier>
    </Filter>
    <Filter Include="Runtime\Engine">
      <UniqueIdentifier>{0f12523e-2252-4119-a7f7-32f61ce00b82}</UniqueIdentifier>
    </Filter>
    <Filter Include="Runtime\Launch">
      <UniqueIdentifier>{aa72043c-a01a-4fe3-a9de-f76eb0fecdea}</UniqueIdentifier>
    </Filter>
  </ItemGroup>
  <ItemGroup>
    <ClInclude Include="HopStep.h" />
    <ClInclude Include="Core\CoreGlobals.h">
      <Filter>Core</Filter>
    </ClInclude>
    <ClInclude Include="Core\CoreStandardIncludes.h">
      <Filter>Core</Filter>
    </ClInclude>
    <ClInclude Include="Core\HopStepCore.h">
      <Filter>Core</Filter>
    </ClInclude>
    <ClInclude Include="Core\HopStepDefine.h">
      <Filter>Core</Filter>
    </ClInclude>
    <ClInclude Include="Core\HopStepOverrides.h">
      <Filter>Core</Filter>
    </ClInclude>
    <ClInclude Include="Core\PrimitiveTypeDefines.h">
      <Filter>Core</Filter>
    </ClInclude>
    <ClInclude Include="Core\Archive\Archive.h">
      <Filter>Core\Archive</Filter>
    </ClInclude>
    <ClInclude Include="Core\Container\VariadicStack.h">
      <Filter>Core\Container</Filter>
    </ClInclude>
    <ClInclude Include="Core\Logger\ConsoleLogger.h">
      <Filter>Core\Logger</Filter>
    </ClInclude>
    <ClInclude Include="Core\Logger\LoggerBase.h">
      <Filter>Core\Logger</Filter>
    </ClInclude>
    <ClInclude Include="Core\Misc\DebugUtils.h">
      <Filter>Core\Misc</Filter>
    </ClInclude>
    <ClInclude Include="Core\Misc\EngineConfig.h">
      <Filter>Core\Misc</Filter>
    </ClInclude>
    <ClInclude Include="Core\Misc\GenericMemory.h">
      <Filter>Core\Misc</Filter>
    </ClInclude>
    <ClInclude Include="Core\Misc\Json.h">
      <Filter>Core\Misc</Filter>
    </ClInclude>
    <ClInclude Include="Core\Misc\LazySingleton.h">
      <Filter>Core\Misc</Filter>
    </ClInclude>
    <ClInclude Include="Core\Misc\OutputDevice.h">
      <Filter>Core\Misc</Filter>
    </ClInclude>
    <ClInclude Include="Core\Misc\Paths.h">
      <Filter>Core\Misc</Filter>
    </ClInclude>
    <ClInclude Include="CoreObject\Object\Object.h">
      <Filter>CoreObject\Object</Filter>
    </ClInclude>
    <ClInclude Include="CoreObject\Object\ObjectBase.h">
      <Filter>CoreObject\Object</Filter>
    </ClInclude>
    <ClInclude Include="CoreObject\Object\ObjectMacro.h">
      <Filter>CoreObject\Object</Filter>
    </ClInclude>
    <ClInclude Include="CoreObject\Reflection\Class.h">
      <Filter>CoreObject\Reflection</Filter>
    </ClInclude>
    <ClInclude Include="CoreObject\Reflection\Enum.h">
      <Filter>CoreObject\Reflection</Filter>
    </ClInclude>
    <ClInclude Include="CoreObject\Reflection\Field.h">
      <Filter>CoreObject\Reflection</Filter>
    </ClInclude>
    <ClInclude Include="CoreObject\Reflection\Function.h">
      <Filter>CoreObject\Reflection</Filter>
    </ClInclude>
    <ClInclude Include="CoreObject\Reflection\PrimitiveProperty.h">
      <Filter>CoreObject\Reflection</Filter>
    </ClInclude>
    <ClInclude Include="CoreObject\Reflection\PrimitiveType.h">
      <Filter>CoreObject\Reflection</Filter>
    </ClInclude>
    <ClInclude Include="CoreObject\Reflection\Property.h">
      <Filter>CoreObject\Reflection</Filter>
    </ClInclude>
    <ClInclude Include="CoreObject\Reflection\ReflectionConcepts.h">
      <Filter>CoreObject\Reflection</Filter>
    </ClInclude>
    <ClInclude Include="CoreObject\Reflection\ReflectionMacro.h">
      <Filter>CoreObject\Reflection</Filter>
    </ClInclude>
    <ClInclude Include="CoreObject\Reflection\ReflectionTest.h">
      <Filter>CoreObject\Reflection</Filter>
    </ClInclude>
    <ClInclude Include="CoreObject\Reflection\ScriptMacros.h">
      <Filter>CoreObject\Reflection</Filter>
    </ClInclude>
    <ClInclude Include="CoreObject\Reflection\Struct.h">
      <Filter>CoreObject\Reflection</Filter>
    </ClInclude>
    <ClInclude Include="CoreObject\Reflection\StructBuilder.h">
      <Filter>CoreObject\Reflection</Filter>
    </ClInclude>
    <ClInclude Include="CoreObject\Reflection\Type.h">
      <Filter>CoreObject\Reflection</Filter>
    </ClInclude>
    <ClInclude Include="CoreObject\Reflection\TypeLibrary.h">
      <Filter>CoreObject\Reflection</Filter>
    </ClInclude>
    <ClInclude Include="Extern\Jsoncpp\include\json\allocator.h">
      <Filter>Extern\Jsoncpp\include\json</Filter>
    </ClInclude>
    <ClInclude Include="Extern\Jsoncpp\include\json\assertions.h">
      <Filter>Extern\Jsoncpp\include\json</Filter>
    </ClInclude>
    <ClInclude Include="Extern\Jsoncpp\include\json\autolink.h">
      <Filter>Extern\Jsoncpp\include\json</Filter>
    </ClInclude>
    <ClInclude Include="Extern\Jsoncpp\include\json\config.h">
      <Filter>Extern\Jsoncpp\include\json</Filter>
    </ClInclude>
    <ClInclude Include="Extern\Jsoncpp\include\json\features.h">
      <Filter>Extern\Jsoncpp\include\json</Filter>
    </ClInclude>
    <ClInclude Include="Extern\Jsoncpp\include\json\forwards.h">
      <Filter>Extern\Jsoncpp\include\json</Filter>
    </ClInclude>
    <ClInclude Include="Extern\Jsoncpp\include\json\json.h">
      <Filter>Extern\Jsoncpp\include\json</Filter>
    </ClInclude>
    <ClInclude Include="Extern\Jsoncpp\include\json\reader.h">
      <Filter>Extern\Jsoncpp\include\json</Filter>
    </ClInclude>
    <ClInclude Include="Extern\Jsoncpp\include\json\value.h">
      <Filter>Extern\Jsoncpp\include\json</Filter>
    </ClInclude>
    <ClInclude Include="Extern\Jsoncpp\include\json\version.h">
      <Filter>Extern\Jsoncpp\include\json</Filter>
    </ClInclude>
    <ClInclude Include="Extern\Jsoncpp\include\json\writer.h">
      <Filter>Extern\Jsoncpp\include\json</Filter>
    </ClInclude>
    <ClInclude Include="Intermediate\Object.generated.h">
      <Filter>Intermediate</Filter>
    </ClInclude>
    <ClInclude Include="Intermediate\ObjectBase.generated.h">
      <Filter>Intermediate</Filter>
    </ClInclude>
    <ClInclude Include="Intermediate\ReflectionTest.generated.h">
      <Filter>Intermediate</Filter>
    </ClInclude>
    <ClInclude Include="Runtime\Engine\EngineLoop.h">
      <Filter>Runtime\Engine</Filter>
    </ClInclude>
    <ClInclude Include="Runtime\Engine\Exporter.h">
      <Filter>Runtime\Engine</Filter>
    </ClInclude>
    <ClInclude Include="Runtime\Launch\LaunchWindows.h">
      <Filter>Runtime\Launch</Filter>
    </ClInclude>
  </ItemGroup>
  <ItemGroup>
    <ClCompile Include="HopStep.cpp" />
    <ClCompile Include="Core\CoreGlobals.cpp">
      <Filter>Core</Filter>
    </ClCompile>
    <ClCompile Include="Core\Archive\Archive.cpp">
      <Filter>Core\Archive</Filter>
    </ClCompile>
    <ClCompile Include="Core\Misc\EngineConfig.cpp">
      <Filter>Core\Misc</Filter>
    </ClCompile>
    <ClCompile Include="Core\Misc\GenericMemory.cpp">
      <Filter>Core\Misc</Filter>
    </ClCompile>
    <ClCompile Include="Core\Misc\Json.cpp">
      <Filter>Core\Misc</Filter>
    </ClCompile>
    <ClCompile Include="Core\Misc\OutputDevice.cpp">
      <Filter>Core\Misc</Filter>
    </ClCompile>
    <ClCompile Include="CoreObject\Object\Object.cpp">
      <Filter>CoreObject\Object</Filter>
    </ClCompile>
    <ClCompile Include="CoreObject\Object\ObjectBase.cpp">
      <Filter>CoreObject\Object</Filter>
    </ClCompile>
    <ClCompile Include="CoreObject\Reflection\Class.cpp">
      <Filter>CoreObject\Reflection</Filter>
    </ClCompile>
    <ClCompile Include="CoreObject\Reflection\Enum.cpp">
      <Filter>CoreObject\Reflection</Filter>
    </ClCompile>
    <ClCompile Include="CoreObject\Reflection\Field.cpp">
      <Filter>CoreObject\Reflection</Filter>
    </ClCompile>
    <ClCompile Include="CoreObject\Reflection\Function.cpp">
      <Filter>CoreObject\Reflection</Filter>
    </ClCompile>
    <ClCompile Include="CoreObject\Reflection\PrimitiveProperty.cpp">
      <Filter>CoreObject\Reflection</Filter>
    </ClCompile>
    <ClCompile Include="CoreObject\Reflection\PrimitiveType.cpp">
      <Filter>CoreObject\Reflection</Filter>
    </ClCompile>
    <ClCompile Include="CoreObject\Reflection\Property.cpp">
      <Filter>CoreObject\Reflection</Filter>
    </ClCompile>
    <ClCompile Include="CoreObject\Reflection\ReflectionTest.cpp">
      <Filter>CoreObject\Reflection</Filter>
    </ClCompile>
    <ClCompile Include="CoreObject\Reflection\Struct.cpp">
      <Filter>CoreObject\Reflection</Filter>
    </ClCompile>
    <ClCompile Include="CoreObject\Reflection\StructBuilder.cpp">
      <Filter>CoreObject\Reflection</Filter>
    </ClCompile>
    <ClCompile Include="CoreObject\Reflection\Type.cpp">
      <Filter>CoreObject\Reflection</Filter>
    </ClCompile>
    <ClCompile Include="CoreObject\Reflection\TypeLibrary.cpp">
      <Filter>CoreObject\Reflection</Filter>
    </ClCompile>
    <ClCompile Include="Intermediate\Object.generated.cpp">
      <Filter>Intermediate</Filter>
    </ClCompile>
    <ClCompile Include="Intermediate\ObjectBase.generated.cpp">
      <Filter>Intermediate</Filter>
    </ClCompile>
    <ClCompile Include="Intermediate\ReflectionTest.generated.cpp">
      <Filter>Intermediate</Filter>
    </ClCompile>
    <ClCompile Include="Runtime\Engine\EngineLoop.cpp">
      <Filter>Runtime\Engine</Filter>
    </ClCompile>
    <ClCompile Include="Runtime\Engine\Exporter.cpp">
      <Filter>Runtime\Engine</Filter>
    </ClCompile>
    <ClCompile Include="Runtime\Launch\LaunchWindows.cpp">
      <Filter>Runtime\Launch</Filter>
    </ClCompile>
  </ItemGroup>
</Project>