<?xml version="1.0" encoding="utf-8"?>
<Project ToolsVersion="4.0">
  <ItemGroup>
    <Filter Include="Core">
      <UniqueIdentifier>{ee282466-132e-4c29-8b54-3768299dfda8}</UniqueIdentifier>
    </Filter>
    <Filter Include="Core\Archive">
      <UniqueIdentifier>{f46f097a-d93b-43b8-97ee-3aecad6092bc}</UniqueIdentifier>
    </Filter>
    <Filter Include="Core\Container">
      <UniqueIdentifier>{b6cdfe28-913c-4e80-9ef6-2b73a6c86d9f}</UniqueIdentifier>
    </Filter>
    <Filter Include="Core\Logger">
      <UniqueIdentifier>{67fcf931-9fde-40fa-9a21-9d3e40d6c6ca}</UniqueIdentifier>
    </Filter>
    <Filter Include="Core\Misc">
      <UniqueIdentifier>{315a2182-e5cb-4b91-bb94-ad11834702d7}</UniqueIdentifier>
    </Filter>
    <Filter Include="CoreObject">
      <UniqueIdentifier>{7306f8bd-6622-4246-8278-069400beabee}</UniqueIdentifier>
    </Filter>
    <Filter Include="CoreObject\Object">
      <UniqueIdentifier>{f2b03a22-dcc2-42b3-84ee-3503e9bcf309}</UniqueIdentifier>
    </Filter>
    <Filter Include="CoreObject\Reflection">
      <UniqueIdentifier>{0084e2f7-a12f-4d22-abd0-285d02e89967}</UniqueIdentifier>
    </Filter>
    <Filter Include="Extern">
      <UniqueIdentifier>{807b7743-663c-4301-820b-f8936dc2e3c6}</UniqueIdentifier>
    </Filter>
    <Filter Include="Extern\Jsoncpp">
      <UniqueIdentifier>{3f901f0a-7c04-49b9-8424-7db4d833f369}</UniqueIdentifier>
    </Filter>
    <Filter Include="Extern\Jsoncpp\include">
      <UniqueIdentifier>{39013638-4483-4678-aa18-7ecf0b2938f0}</UniqueIdentifier>
    </Filter>
    <Filter Include="Extern\Jsoncpp\include\json">
      <UniqueIdentifier>{5550f1b8-f8f2-4140-9677-6cb5ca3872a2}</UniqueIdentifier>
    </Filter>
    <Filter Include="Intermediate">
      <UniqueIdentifier>{0e4eacf4-170b-4d02-91f2-94ecf9526935}</UniqueIdentifier>
    </Filter>
    <Filter Include="Runtime">
      <UniqueIdentifier>{8e9b5f1c-cd32-40a9-a52c-0a442d9c3045}</UniqueIdentifier>
    </Filter>
    <Filter Include="Runtime\Engine">
      <UniqueIdentifier>{38298cb5-fa88-4522-8ad4-fc34bd94c992}</UniqueIdentifier>
    </Filter>
    <Filter Include="Runtime\Launch">
      <UniqueIdentifier>{d80b4d4a-01de-4827-b20d-a297b0f12a7f}</UniqueIdentifier>
    </Filter>
  </ItemGroup>
  <ItemGroup>
    <ClInclude Include="HopStep.h" />
    <ClInclude Include="Core\CoreGlobals.h">
      <Filter>Core</Filter>
    </ClInclude>
    <ClInclude Include="Core\CoreStandardIncludes.h">
      <Filter>Core</Filter>
    </ClInclude>
    <ClInclude Include="Core\HopStepCore.h">
      <Filter>Core</Filter>
    </ClInclude>
    <ClInclude Include="Core\HopStepDefine.h">
      <Filter>Core</Filter>
    </ClInclude>
    <ClInclude Include="Core\HopStepOverrides.h">
      <Filter>Core</Filter>
    </ClInclude>
    <ClInclude Include="Core\PrimitiveTypeDefines.h">
      <Filter>Core</Filter>
    </ClInclude>
    <ClInclude Include="Core\Archive\Archive.h">
      <Filter>Core\Archive</Filter>
    </ClInclude>
    <ClInclude Include="Core\Container\VariadicStack.h">
      <Filter>Core\Container</Filter>
    </ClInclude>
    <ClInclude Include="Core\Logger\ConsoleLogger.h">
      <Filter>Core\Logger</Filter>
    </ClInclude>
    <ClInclude Include="Core\Logger\LoggerBase.h">
      <Filter>Core\Logger</Filter>
    </ClInclude>
    <ClInclude Include="Core\Misc\DebugUtils.h">
      <Filter>Core\Misc</Filter>
    </ClInclude>
    <ClInclude Include="Core\Misc\EngineConfig.h">
      <Filter>Core\Misc</Filter>
    </ClInclude>
    <ClInclude Include="Core\Misc\GenericMemory.h">
      <Filter>Core\Misc</Filter>
    </ClInclude>
    <ClInclude Include="Core\Misc\Json.h">
      <Filter>Core\Misc</Filter>
    </ClInclude>
    <ClInclude Include="Core\Misc\LazySingleton.h">
      <Filter>Core\Misc</Filter>
    </ClInclude>
    <ClInclude Include="Core\Misc\OutputDevice.h">
      <Filter>Core\Misc</Filter>
    </ClInclude>
    <ClInclude Include="Core\Misc\Paths.h">
      <Filter>Core\Misc</Filter>
    </ClInclude>
    <ClInclude Include="CoreObject\Object\Object.h">
      <Filter>CoreObject\Object</Filter>
    </ClInclude>
    <ClInclude Include="CoreObject\Object\ObjectBase.h">
      <Filter>CoreObject\Object</Filter>
    </ClInclude>
    <ClInclude Include="CoreObject\Object\ObjectMacro.h">
      <Filter>CoreObject\Object</Filter>
    </ClInclude>
    <ClInclude Include="CoreObject\Reflection\Class.h">
      <Filter>CoreObject\Reflection</Filter>
    </ClInclude>
    <ClInclude Include="CoreObject\Reflection\Enum.h">
      <Filter>CoreObject\Reflection</Filter>
    </ClInclude>
    <ClInclude Include="CoreObject\Reflection\Field.h">
      <Filter>CoreObject\Reflection</Filter>
    </ClInclude>
    <ClInclude Include="CoreObject\Reflection\Function.h">
      <Filter>CoreObject\Reflection</Filter>
    </ClInclude>
    <ClInclude Include="CoreObject\Reflection\PrimitiveProperty.h">
      <Filter>CoreObject\Reflection</Filter>
    </ClInclude>
    <ClInclude Include="CoreObject\Reflection\PrimitiveType.h">
      <Filter>CoreObject\Reflection</Filter>
    </ClInclude>
    <ClInclude Include="CoreObject\Reflection\Property.h">
      <Filter>CoreObject\Reflection</Filter>
    </ClInclude>
    <ClInclude Include="CoreObject\Reflection\ReflectionConcepts.h">
      <Filter>CoreObject\Reflection</Filter>
    </ClInclude>
    <ClInclude Include="CoreObject\Reflection\ReflectionMacro.h">
      <Filter>CoreObject\Reflection</Filter>
    </ClInclude>
    <ClInclude Include="CoreObject\Reflection\ReflectionTest.h">
      <Filter>CoreObject\Reflection</Filter>
    </ClInclude>
    <ClInclude Include="CoreObject\Reflection\ScriptMacros.h">
      <Filter>CoreObject\Reflection</Filter>
    </ClInclude>
    <ClInclude Include="CoreObject\Reflection\Struct.h">
      <Filter>CoreObject\Reflection</Filter>
    </ClInclude>
    <ClInclude Include="CoreObject\Reflection\StructBuilder.h">
      <Filter>CoreObject\Reflection</Filter>
    </ClInclude>
    <ClInclude Include="CoreObject\Reflection\Type.h">
      <Filter>CoreObject\Reflection</Filter>
    </ClInclude>
    <ClInclude Include="CoreObject\Reflection\TypeLibrary.h">
      <Filter>CoreObject\Reflection</Filter>
    </ClInclude>
    <ClInclude Include="Extern\Jsoncpp\include\json\allocator.h">
      <Filter>Extern\Jsoncpp\include\json</Filter>
    </ClInclude>
    <ClInclude Include="Extern\Jsoncpp\include\json\assertions.h">
      <Filter>Extern\Jsoncpp\include\json</Filter>
    </ClInclude>
    <ClInclude Include="Extern\Jsoncpp\include\json\autolink.h">
      <Filter>Extern\Jsoncpp\include\json</Filter>
    </ClInclude>
    <ClInclude Include="Extern\Jsoncpp\include\json\config.h">
      <Filter>Extern\Jsoncpp\include\json</Filter>
    </ClInclude>
    <ClInclude Include="Extern\Jsoncpp\include\json\features.h">
      <Filter>Extern\Jsoncpp\include\json</Filter>
    </ClInclude>
    <ClInclude Include="Extern\Jsoncpp\include\json\forwards.h">
      <Filter>Extern\Jsoncpp\include\json</Filter>
    </ClInclude>
    <ClInclude Include="Extern\Jsoncpp\include\json\json.h">
      <Filter>Extern\Jsoncpp\include\json</Filter>
    </ClInclude>
    <ClInclude Include="Extern\Jsoncpp\include\json\reader.h">
      <Filter>Extern\Jsoncpp\include\json</Filter>
    </ClInclude>
    <ClInclude Include="Extern\Jsoncpp\include\json\value.h">
      <Filter>Extern\Jsoncpp\include\json</Filter>
    </ClInclude>
    <ClInclude Include="Extern\Jsoncpp\include\json\version.h">
      <Filter>Extern\Jsoncpp\include\json</Filter>
    </ClInclude>
    <ClInclude Include="Extern\Jsoncpp\include\json\writer.h">
      <Filter>Extern\Jsoncpp\include\json</Filter>
    </ClInclude>
    <ClInclude Include="Intermediate\Object.generated.h">
      <Filter>Intermediate</Filter>
    </ClInclude>
    <ClInclude Include="Intermediate\ObjectBase.generated.h">
      <Filter>Intermediate</Filter>
    </ClInclude>
    <ClInclude Include="Intermediate\ReflectionTest.generated.h">
      <Filter>Intermediate</Filter>
    </ClInclude>
    <ClInclude Include="Runtime\Engine\EngineLoop.h">
      <Filter>Runtime\Engine</Filter>
    </ClInclude>
    <ClInclude Include="Runtime\Engine\Exporter.h">
      <Filter>Runtime\Engine</Filter>
    </ClInclude>
    <ClInclude Include="Runtime\Launch\LaunchWindows.h">
      <Filter>Runtime\Launch</Filter>
    </ClInclude>
  </ItemGroup>
  <ItemGroup>
    <ClCompile Include="HopStep.cpp" />
    <ClCompile Include="Core\CoreGlobals.cpp">
      <Filter>Core</Filter>
    </ClCompile>
    <ClCompile Include="Core\Archive\Archive.cpp">
      <Filter>Core\Archive</Filter>
    </ClCompile>
    <ClCompile Include="Core\Misc\EngineConfig.cpp">
      <Filter>Core\Misc</Filter>
    </ClCompile>
    <ClCompile Include="Core\Misc\GenericMemory.cpp">
      <Filter>Core\Misc</Filter>
    </ClCompile>
    <ClCompile Include="Core\Misc\Json.cpp">
      <Filter>Core\Misc</Filter>
    </ClCompile>
    <ClCompile Include="Core\Misc\OutputDevice.cpp">
      <Filter>Core\Misc</Filter>
    </ClCompile>
    <ClCompile Include="CoreObject\Object\Object.cpp">
      <Filter>CoreObject\Object</Filter>
    </ClCompile>
    <ClCompile Include="CoreObject\Object\ObjectBase.cpp">
      <Filter>CoreObject\Object</Filter>
    </ClCompile>
    <ClCompile Include="CoreObject\Reflection\Class.cpp">
      <Filter>CoreObject\Reflection</Filter>
    </ClCompile>
    <ClCompile Include="CoreObject\Reflection\Enum.cpp">
      <Filter>CoreObject\Reflection</Filter>
    </ClCompile>
    <ClCompile Include="CoreObject\Reflection\Field.cpp">
      <Filter>CoreObject\Reflection</Filter>
    </ClCompile>
    <ClCompile Include="CoreObject\Reflection\Function.cpp">
      <Filter>CoreObject\Reflection</Filter>
    </ClCompile>
    <ClCompile Include="CoreObject\Reflection\PrimitiveProperty.cpp">
      <Filter>CoreObject\Reflection</Filter>
    </ClCompile>
    <ClCompile Include="CoreObject\Reflection\PrimitiveType.cpp">
      <Filter>CoreObject\Reflection</Filter>
    </ClCompile>
    <ClCompile Include="CoreObject\Reflection\Property.cpp">
      <Filter>CoreObject\Reflection</Filter>
    </ClCompile>
    <ClCompile Include="CoreObject\Reflection\ReflectionTest.cpp">
      <Filter>CoreObject\Reflection</Filter>
    </ClCompile>
    <ClCompile Include="CoreObject\Reflection\Struct.cpp">
      <Filter>CoreObject\Reflection</Filter>
    </ClCompile>
    <ClCompile Include="CoreObject\Reflection\StructBuilder.cpp">
      <Filter>CoreObject\Reflection</Filter>
    </ClCompile>
    <ClCompile Include="CoreObject\Reflection\Type.cpp">
      <Filter>CoreObject\Reflection</Filter>
    </ClCompile>
    <ClCompile Include="CoreObject\Reflection\TypeLibrary.cpp">
      <Filter>CoreObject\Reflection</Filter>
    </ClCompile>
    <ClCompile Include="Intermediate\Object.generated.cpp">
      <Filter>Intermediate</Filter>
    </ClCompile>
    <ClCompile Include="Intermediate\ObjectBase.generated.cpp">
      <Filter>Intermediate</Filter>
    </ClCompile>
    <ClCompile Include="Intermediate\ReflectionTest.generated.cpp">
      <Filter>Intermediate</Filter>
    </ClCompile>
    <ClCompile Include="Runtime\Engine\EngineLoop.cpp">
      <Filter>Runtime\Engine</Filter>
    </ClCompile>
    <ClCompile Include="Runtime\Engine\Exporter.cpp">
      <Filter>Runtime\Engine</Filter>
    </ClCompile>
    <ClCompile Include="Runtime\Launch\LaunchWindows.cpp">
      <Filter>Runtime\Launch</Filter>
    </ClCompile>
  </ItemGroup>
</Project>